// !$*UTF8*$!
{
	archiveVersion = 1;
	classes = {
	};
	objectVersion = 55;
	objects = {

/* Begin PBXBuildFile section */
		CE352EA428C8D05D001DA725 /* pg_12909.swift in Sources */ = {isa = PBXBuildFile; fileRef = CE352EA328C8D05D001DA725 /* pg_12909.swift */; };
		CE352EA628C8D20D001DA725 /* pg_12973.swift in Sources */ = {isa = PBXBuildFile; fileRef = CE352EA528C8D20D001DA725 /* pg_12973.swift */; };
		CE683F9C28AE51A5004A65C6 /* main.swift in Sources */ = {isa = PBXBuildFile; fileRef = CE683F9B28AE51A5004A65C6 /* main.swift */; };
		CE683FA628AE671F004A65C6 /* pg_42839.swift in Sources */ = {isa = PBXBuildFile; fileRef = CE683FA528AE671F004A65C6 /* pg_42839.swift */; };
		CE683FE028AE9369004A65C6 /* pg_12969.swift in Sources */ = {isa = PBXBuildFile; fileRef = CE683FA828AE9368004A65C6 /* pg_12969.swift */; };
		CE683FE128AE9369004A65C6 /* pg_12954.swift in Sources */ = {isa = PBXBuildFile; fileRef = CE683FA928AE9368004A65C6 /* pg_12954.swift */; };
		CE683FE228AE9369004A65C6 /* pg_12977.swift in Sources */ = {isa = PBXBuildFile; fileRef = CE683FAA28AE9368004A65C6 /* pg_12977.swift */; };
		CE683FE328AE9369004A65C6 /* pg_12944.swift in Sources */ = {isa = PBXBuildFile; fileRef = CE683FAB28AE9368004A65C6 /* pg_12944.swift */; };
		CE683FE428AE9369004A65C6 /* pg_12935.swift in Sources */ = {isa = PBXBuildFile; fileRef = CE683FAC28AE9368004A65C6 /* pg_12935.swift */; };
		CE683FE528AE9369004A65C6 /* pg_77884.swift in Sources */ = {isa = PBXBuildFile; fileRef = CE683FAD28AE9368004A65C6 /* pg_77884.swift */; };
		CE683FE628AE9369004A65C6 /* pg_81301.swift in Sources */ = {isa = PBXBuildFile; fileRef = CE683FAE28AE9368004A65C6 /* pg_81301.swift */; };
		CE683FE728AE9369004A65C6 /* pg_87389.swift in Sources */ = {isa = PBXBuildFile; fileRef = CE683FAF28AE9368004A65C6 /* pg_87389.swift */; };
		CE683FE828AE9369004A65C6 /* pg_12919.swift in Sources */ = {isa = PBXBuildFile; fileRef = CE683FB028AE9368004A65C6 /* pg_12919.swift */; };
		CE683FE928AE9369004A65C6 /* pg_12930.swift in Sources */ = {isa = PBXBuildFile; fileRef = CE683FB128AE9368004A65C6 /* pg_12930.swift */; };
		CE683FEA28AE9369004A65C6 /* pg_68644.swift in Sources */ = {isa = PBXBuildFile; fileRef = CE683FB228AE9368004A65C6 /* pg_68644.swift */; };
		CE683FEB28AE9369004A65C6 /* pg_13752.swift in Sources */ = {isa = PBXBuildFile; fileRef = CE683FB328AE9368004A65C6 /* pg_13752.swift */; };
		CE683FEC28AE9369004A65C6 /* pg_13755.swift in Sources */ = {isa = PBXBuildFile; fileRef = CE683FB428AE9368004A65C6 /* pg_13755.swift */; };
		CE683FED28AE9369004A65C6 /* pg_8577.swift in Sources */ = {isa = PBXBuildFile; fileRef = CE683FB528AE9368004A65C6 /* pg_8577.swift */; };
		CE683FEE28AE9369004A65C6 /* pg_12928.swift in Sources */ = {isa = PBXBuildFile; fileRef = CE683FB628AE9368004A65C6 /* pg_12928.swift */; };
		CE683FEF28AE9369004A65C6 /* pg_12912.swift in Sources */ = {isa = PBXBuildFile; fileRef = CE683FB728AE9368004A65C6 /* pg_12912.swift */; };
		CE683FF028AE9369004A65C6 /* pg_68935.swift in Sources */ = {isa = PBXBuildFile; fileRef = CE683FB828AE9368004A65C6 /* pg_68935.swift */; };
		CE683FF128AE9369004A65C6 /* pg_82612.swift in Sources */ = {isa = PBXBuildFile; fileRef = CE683FB928AE9368004A65C6 /* pg_82612.swift */; };
		CE683FF228AE9369004A65C6 /* pg_12910.swift in Sources */ = {isa = PBXBuildFile; fileRef = CE683FBA28AE9368004A65C6 /* pg_12910.swift */; };
		CE683FF328AE9369004A65C6 /* pg_12948.swift in Sources */ = {isa = PBXBuildFile; fileRef = CE683FBB28AE9368004A65C6 /* pg_12948.swift */; };
		CE683FF428AE9369004A65C6 /* pg_12901.swift in Sources */ = {isa = PBXBuildFile; fileRef = CE683FBC28AE9368004A65C6 /* pg_12901.swift */; };
		CE683FF528AE9369004A65C6 /* pg_72410.swift in Sources */ = {isa = PBXBuildFile; fileRef = CE683FBD28AE9368004A65C6 /* pg_72410.swift */; };
		CE683FF628AE9369004A65C6 /* pg_42748.swift in Sources */ = {isa = PBXBuildFile; fileRef = CE683FBE28AE9368004A65C6 /* pg_42748.swift */; };
		CE683FF728AE9369004A65C6 /* pg_12931.swift in Sources */ = {isa = PBXBuildFile; fileRef = CE683FBF28AE9368004A65C6 /* pg_12931.swift */; };
		CE683FF828AE9369004A65C6 /* pg_12903.swift in Sources */ = {isa = PBXBuildFile; fileRef = CE683FC028AE9368004A65C6 /* pg_12903.swift */; };
		CE683FF928AE9369004A65C6 /* pg_12950.swift in Sources */ = {isa = PBXBuildFile; fileRef = CE683FC128AE9368004A65C6 /* pg_12950.swift */; };
		CE683FFA28AE9369004A65C6 /* pg_77484.swift in Sources */ = {isa = PBXBuildFile; fileRef = CE683FC228AE9368004A65C6 /* pg_77484.swift */; };
		CE683FFB28AE9369004A65C6 /* pg_92334.swift in Sources */ = {isa = PBXBuildFile; fileRef = CE683FC328AE9368004A65C6 /* pg_92334.swift */; };
		CE683FFC28AE9369004A65C6 /* pg_17682.swift in Sources */ = {isa = PBXBuildFile; fileRef = CE683FC428AE9368004A65C6 /* pg_17682.swift */; };
		CE683FFD28AE9369004A65C6 /* pg_17681.swift in Sources */ = {isa = PBXBuildFile; fileRef = CE683FC528AE9368004A65C6 /* pg_17681.swift */; };
		CE683FFE28AE9369004A65C6 /* pg_12940.swift in Sources */ = {isa = PBXBuildFile; fileRef = CE683FC628AE9368004A65C6 /* pg_12940.swift */; };
		CE683FFF28AE9369004A65C6 /* pg_12926.swift in Sources */ = {isa = PBXBuildFile; fileRef = CE683FC728AE9369004A65C6 /* pg_12926.swift */; };
		CE68400028AE9369004A65C6 /* pg_12921.swift in Sources */ = {isa = PBXBuildFile; fileRef = CE683FC828AE9369004A65C6 /* pg_12921.swift */; };
		CE68400128AE9369004A65C6 /* pg_64061.swift in Sources */ = {isa = PBXBuildFile; fileRef = CE683FC928AE9369004A65C6 /* pg_64061.swift */; };
		CE68400228AE9369004A65C6 /* pg_12982.swift in Sources */ = {isa = PBXBuildFile; fileRef = CE683FCA28AE9369004A65C6 /* pg_12982.swift */; };
		CE68400328AE9369004A65C6 /* pg_12925.swift in Sources */ = {isa = PBXBuildFile; fileRef = CE683FCB28AE9369004A65C6 /* pg_12925.swift */; };
		CE68400428AE9369004A65C6 /* pg_12943.swift in Sources */ = {isa = PBXBuildFile; fileRef = CE683FCC28AE9369004A65C6 /* pg_12943.swift */; };
		CE68400528AE9369004A65C6 /* pg_12933.swift in Sources */ = {isa = PBXBuildFile; fileRef = CE683FCD28AE9369004A65C6 /* pg_12933.swift */; };
		CE68400628AE9369004A65C6 /* pg_70128.swift in Sources */ = {isa = PBXBuildFile; fileRef = CE683FCE28AE9369004A65C6 /* pg_70128.swift */; };
		CE68400728AE9369004A65C6 /* pg_42889.swift in Sources */ = {isa = PBXBuildFile; fileRef = CE683FCF28AE9369004A65C6 /* pg_42889.swift */; };
		CE68400828AE9369004A65C6 /* pg_42840.swift in Sources */ = {isa = PBXBuildFile; fileRef = CE683FD028AE9369004A65C6 /* pg_42840.swift */; };
		CE68400928AE9369004A65C6 /* pg_12947.swift in Sources */ = {isa = PBXBuildFile; fileRef = CE683FD128AE9369004A65C6 /* pg_12947.swift */; };
		CE68400A28AE9369004A65C6 /* pg_86051.swift in Sources */ = {isa = PBXBuildFile; fileRef = CE683FD228AE9369004A65C6 /* pg_86051.swift */; };
		CE68400B28AE9369004A65C6 /* pg_12934.swift in Sources */ = {isa = PBXBuildFile; fileRef = CE683FD328AE9369004A65C6 /* pg_12934.swift */; };
		CE68400C28AE9369004A65C6 /* pg_12922.swift in Sources */ = {isa = PBXBuildFile; fileRef = CE683FD428AE9369004A65C6 /* pg_12922.swift */; };
		CE68400D28AE9369004A65C6 /* pg_86491.swift in Sources */ = {isa = PBXBuildFile; fileRef = CE683FD528AE9369004A65C6 /* pg_86491.swift */; };
		CE68400E28AE9369004A65C6 /* pg_12932.swift in Sources */ = {isa = PBXBuildFile; fileRef = CE683FD628AE9369004A65C6 /* pg_12932.swift */; };
		CE68400F28AE9369004A65C6 /* pg_76501.swift in Sources */ = {isa = PBXBuildFile; fileRef = CE683FD728AE9369004A65C6 /* pg_76501.swift */; };
		CE68401028AE9369004A65C6 /* pg_12917.swift in Sources */ = {isa = PBXBuildFile; fileRef = CE683FD828AE9369004A65C6 /* pg_12917.swift */; };
		CE68401128AE9369004A65C6 /* pg_12918.swift in Sources */ = {isa = PBXBuildFile; fileRef = CE683FD928AE9369004A65C6 /* pg_12918.swift */; };
		CE68401228AE9369004A65C6 /* pg_118666.swift in Sources */ = {isa = PBXBuildFile; fileRef = CE683FDA28AE9369004A65C6 /* pg_118666.swift */; };
		CE68401328AE9369004A65C6 /* pg_42862.swift in Sources */ = {isa = PBXBuildFile; fileRef = CE683FDB28AE9369004A65C6 /* pg_42862.swift */; };
		CE68401428AE9369004A65C6 /* pg_12916.swift in Sources */ = {isa = PBXBuildFile; fileRef = CE683FDC28AE9369004A65C6 /* pg_12916.swift */; };
		CE68401528AE9369004A65C6 /* pg_67256.swift in Sources */ = {isa = PBXBuildFile; fileRef = CE683FDD28AE9369004A65C6 /* pg_67256.swift */; };
		CE68401628AE9369004A65C6 /* pg_12937.swift in Sources */ = {isa = PBXBuildFile; fileRef = CE683FDE28AE9369004A65C6 /* pg_12937.swift */; };
		CE68401728AE9369004A65C6 /* pg_12915.swift in Sources */ = {isa = PBXBuildFile; fileRef = CE683FDF28AE9369004A65C6 /* pg_12915.swift */; };
		CE68401928AF7629004A65C6 /* pg_92342.swift in Sources */ = {isa = PBXBuildFile; fileRef = CE68401828AF7629004A65C6 /* pg_92342.swift */; };
		CE68401B28AF832A004A65C6 /* pg_12953.swift in Sources */ = {isa = PBXBuildFile; fileRef = CE68401A28AF832A004A65C6 /* pg_12953.swift */; };
		CE68401D28B0A413004A65C6 /* pg_12952.swift in Sources */ = {isa = PBXBuildFile; fileRef = CE68401C28B0A413004A65C6 /* pg_12952.swift */; };
		CE68401F28B0B4EB004A65C6 /* pg_12951.swift in Sources */ = {isa = PBXBuildFile; fileRef = CE68401E28B0B4EB004A65C6 /* pg_12951.swift */; };
		CE68402128B1FAD3004A65C6 /* pg_12949.swift in Sources */ = {isa = PBXBuildFile; fileRef = CE68402028B1FAD3004A65C6 /* pg_12949.swift */; };
		CE68402328B20079004A65C6 /* pg_12946.swift in Sources */ = {isa = PBXBuildFile; fileRef = CE68402228B20079004A65C6 /* pg_12946.swift */; };
		CE68404E28B33C8B004A65C6 /* pg_12945.swift in Sources */ = {isa = PBXBuildFile; fileRef = CE68404D28B33C8B004A65C6 /* pg_12945.swift */; };
		CE68405028B63BC9004A65C6 /* pg_12941.swift in Sources */ = {isa = PBXBuildFile; fileRef = CE68404F28B63BC9004A65C6 /* pg_12941.swift */; };
		CE68405228B63DB6004A65C6 /* pg_12939.swift in Sources */ = {isa = PBXBuildFile; fileRef = CE68405128B63DB6004A65C6 /* pg_12939.swift */; };
		CE68405428B63F4B004A65C6 /* pg_92341.swift in Sources */ = {isa = PBXBuildFile; fileRef = CE68405328B63F4B004A65C6 /* pg_92341.swift */; };
		CE68405628B89DE8004A65C6 /* pg_92335.swift in Sources */ = {isa = PBXBuildFile; fileRef = CE68405528B89DE8004A65C6 /* pg_92335.swift */; };
		CE68405828B8A18E004A65C6 /* pg_12914.swift in Sources */ = {isa = PBXBuildFile; fileRef = CE68405728B8A18E004A65C6 /* pg_12914.swift */; };
		CE68405A28BA2B8C004A65C6 /* pg_12913.swift in Sources */ = {isa = PBXBuildFile; fileRef = CE68405928BA2B8C004A65C6 /* pg_12913.swift */; };
		CE68405C28BA8760004A65C6 /* pg_12911.swift in Sources */ = {isa = PBXBuildFile; fileRef = CE68405B28BA8760004A65C6 /* pg_12911.swift */; };
		CE68405E28BB762F004A65C6 /* pg_17687.swift in Sources */ = {isa = PBXBuildFile; fileRef = CE68405D28BB762F004A65C6 /* pg_17687.swift */; };
		CE68406028BCEE64004A65C6 /* pg_17686.swift in Sources */ = {isa = PBXBuildFile; fileRef = CE68405F28BCEE64004A65C6 /* pg_17686.swift */; };
		CE68406228BCFE75004A65C6 /* pg_17684.swift in Sources */ = {isa = PBXBuildFile; fileRef = CE68406128BCFE75004A65C6 /* pg_17684.swift */; };
		CE68406428BDD387004A65C6 /* pg_12905.swift in Sources */ = {isa = PBXBuildFile; fileRef = CE68406328BDD387004A65C6 /* pg_12905.swift */; };
		CE68406628C0DDC5004A65C6 /* pg_17683.swift in Sources */ = {isa = PBXBuildFile; fileRef = CE68406528C0DDC5004A65C6 /* pg_17683.swift */; };
		CE68406828C4BDC5004A65C6 /* pg_49994.swift in Sources */ = {isa = PBXBuildFile; fileRef = CE68406728C4BDC5004A65C6 /* pg_49994.swift */; };
		CE68406A28C61200004A65C6 /* pg_49993.swift in Sources */ = {isa = PBXBuildFile; fileRef = CE68406928C61200004A65C6 /* pg_49993.swift */; };
		CE68406C28C61935004A65C6 /* pg_68936.swift in Sources */ = {isa = PBXBuildFile; fileRef = CE68406B28C61935004A65C6 /* pg_68936.swift */; };
		CE68406E28C6FC21004A65C6 /* pg_87390.swift in Sources */ = {isa = PBXBuildFile; fileRef = CE68406D28C6FC21004A65C6 /* pg_87390.swift */; };
		CE90A21C28CA089F0013C0B9 /* pg_12978.swift in Sources */ = {isa = PBXBuildFile; fileRef = CE90A21B28CA089F0013C0B9 /* pg_12978.swift */; };
		CE90A21E28CA10EB0013C0B9 /* pg_12980.swift in Sources */ = {isa = PBXBuildFile; fileRef = CE90A21D28CA10EB0013C0B9 /* pg_12980.swift */; };
		CE90A22028CB0CAB0013C0B9 /* pg_12981.swift in Sources */ = {isa = PBXBuildFile; fileRef = CE90A21F28CB0CAB0013C0B9 /* pg_12981.swift */; };
/* End PBXBuildFile section */

/* Begin PBXCopyFilesBuildPhase section */
		CE683F9628AE51A5004A65C6 /* CopyFiles */ = {
			isa = PBXCopyFilesBuildPhase;
			buildActionMask = 2147483647;
			dstPath = /usr/share/man/man1/;
			dstSubfolderSpec = 0;
			files = (
			);
			runOnlyForDeploymentPostprocessing = 1;
		};
/* End PBXCopyFilesBuildPhase section */

/* Begin PBXFileReference section */
		CE352EA328C8D05D001DA725 /* pg_12909.swift */ = {isa = PBXFileReference; lastKnownFileType = sourcecode.swift; path = pg_12909.swift; sourceTree = "<group>"; };
		CE352EA528C8D20D001DA725 /* pg_12973.swift */ = {isa = PBXFileReference; lastKnownFileType = sourcecode.swift; path = pg_12973.swift; sourceTree = "<group>"; };
		CE683F9828AE51A5004A65C6 /* programmers */ = {isa = PBXFileReference; explicitFileType = "compiled.mach-o.executable"; includeInIndex = 0; path = programmers; sourceTree = BUILT_PRODUCTS_DIR; };
		CE683F9B28AE51A5004A65C6 /* main.swift */ = {isa = PBXFileReference; lastKnownFileType = sourcecode.swift; path = main.swift; sourceTree = "<group>"; };
		CE683FA528AE671F004A65C6 /* pg_42839.swift */ = {isa = PBXFileReference; lastKnownFileType = sourcecode.swift; path = pg_42839.swift; sourceTree = "<group>"; };
		CE683FA828AE9368004A65C6 /* pg_12969.swift */ = {isa = PBXFileReference; fileEncoding = 4; lastKnownFileType = sourcecode.swift; path = pg_12969.swift; sourceTree = "<group>"; };
		CE683FA928AE9368004A65C6 /* pg_12954.swift */ = {isa = PBXFileReference; fileEncoding = 4; lastKnownFileType = sourcecode.swift; path = pg_12954.swift; sourceTree = "<group>"; };
		CE683FAA28AE9368004A65C6 /* pg_12977.swift */ = {isa = PBXFileReference; fileEncoding = 4; lastKnownFileType = sourcecode.swift; path = pg_12977.swift; sourceTree = "<group>"; };
		CE683FAB28AE9368004A65C6 /* pg_12944.swift */ = {isa = PBXFileReference; fileEncoding = 4; lastKnownFileType = sourcecode.swift; path = pg_12944.swift; sourceTree = "<group>"; };
		CE683FAC28AE9368004A65C6 /* pg_12935.swift */ = {isa = PBXFileReference; fileEncoding = 4; lastKnownFileType = sourcecode.swift; path = pg_12935.swift; sourceTree = "<group>"; };
		CE683FAD28AE9368004A65C6 /* pg_77884.swift */ = {isa = PBXFileReference; fileEncoding = 4; lastKnownFileType = sourcecode.swift; path = pg_77884.swift; sourceTree = "<group>"; };
		CE683FAE28AE9368004A65C6 /* pg_81301.swift */ = {isa = PBXFileReference; fileEncoding = 4; lastKnownFileType = sourcecode.swift; path = pg_81301.swift; sourceTree = "<group>"; };
		CE683FAF28AE9368004A65C6 /* pg_87389.swift */ = {isa = PBXFileReference; fileEncoding = 4; lastKnownFileType = sourcecode.swift; path = pg_87389.swift; sourceTree = "<group>"; };
		CE683FB028AE9368004A65C6 /* pg_12919.swift */ = {isa = PBXFileReference; fileEncoding = 4; lastKnownFileType = sourcecode.swift; path = pg_12919.swift; sourceTree = "<group>"; };
		CE683FB128AE9368004A65C6 /* pg_12930.swift */ = {isa = PBXFileReference; fileEncoding = 4; lastKnownFileType = sourcecode.swift; path = pg_12930.swift; sourceTree = "<group>"; };
		CE683FB228AE9368004A65C6 /* pg_68644.swift */ = {isa = PBXFileReference; fileEncoding = 4; lastKnownFileType = sourcecode.swift; path = pg_68644.swift; sourceTree = "<group>"; };
		CE683FB328AE9368004A65C6 /* pg_13752.swift */ = {isa = PBXFileReference; fileEncoding = 4; lastKnownFileType = sourcecode.swift; path = pg_13752.swift; sourceTree = "<group>"; };
		CE683FB428AE9368004A65C6 /* pg_13755.swift */ = {isa = PBXFileReference; fileEncoding = 4; lastKnownFileType = sourcecode.swift; path = pg_13755.swift; sourceTree = "<group>"; };
		CE683FB528AE9368004A65C6 /* pg_8577.swift */ = {isa = PBXFileReference; fileEncoding = 4; lastKnownFileType = sourcecode.swift; path = pg_8577.swift; sourceTree = "<group>"; };
		CE683FB628AE9368004A65C6 /* pg_12928.swift */ = {isa = PBXFileReference; fileEncoding = 4; lastKnownFileType = sourcecode.swift; path = pg_12928.swift; sourceTree = "<group>"; };
		CE683FB728AE9368004A65C6 /* pg_12912.swift */ = {isa = PBXFileReference; fileEncoding = 4; lastKnownFileType = sourcecode.swift; path = pg_12912.swift; sourceTree = "<group>"; };
		CE683FB828AE9368004A65C6 /* pg_68935.swift */ = {isa = PBXFileReference; fileEncoding = 4; lastKnownFileType = sourcecode.swift; path = pg_68935.swift; sourceTree = "<group>"; };
		CE683FB928AE9368004A65C6 /* pg_82612.swift */ = {isa = PBXFileReference; fileEncoding = 4; lastKnownFileType = sourcecode.swift; path = pg_82612.swift; sourceTree = "<group>"; };
		CE683FBA28AE9368004A65C6 /* pg_12910.swift */ = {isa = PBXFileReference; fileEncoding = 4; lastKnownFileType = sourcecode.swift; path = pg_12910.swift; sourceTree = "<group>"; };
		CE683FBB28AE9368004A65C6 /* pg_12948.swift */ = {isa = PBXFileReference; fileEncoding = 4; lastKnownFileType = sourcecode.swift; path = pg_12948.swift; sourceTree = "<group>"; };
		CE683FBC28AE9368004A65C6 /* pg_12901.swift */ = {isa = PBXFileReference; fileEncoding = 4; lastKnownFileType = sourcecode.swift; path = pg_12901.swift; sourceTree = "<group>"; };
		CE683FBD28AE9368004A65C6 /* pg_72410.swift */ = {isa = PBXFileReference; fileEncoding = 4; lastKnownFileType = sourcecode.swift; path = pg_72410.swift; sourceTree = "<group>"; };
		CE683FBE28AE9368004A65C6 /* pg_42748.swift */ = {isa = PBXFileReference; fileEncoding = 4; lastKnownFileType = sourcecode.swift; path = pg_42748.swift; sourceTree = "<group>"; };
		CE683FBF28AE9368004A65C6 /* pg_12931.swift */ = {isa = PBXFileReference; fileEncoding = 4; lastKnownFileType = sourcecode.swift; path = pg_12931.swift; sourceTree = "<group>"; };
		CE683FC028AE9368004A65C6 /* pg_12903.swift */ = {isa = PBXFileReference; fileEncoding = 4; lastKnownFileType = sourcecode.swift; path = pg_12903.swift; sourceTree = "<group>"; };
		CE683FC128AE9368004A65C6 /* pg_12950.swift */ = {isa = PBXFileReference; fileEncoding = 4; lastKnownFileType = sourcecode.swift; path = pg_12950.swift; sourceTree = "<group>"; };
		CE683FC228AE9368004A65C6 /* pg_77484.swift */ = {isa = PBXFileReference; fileEncoding = 4; lastKnownFileType = sourcecode.swift; path = pg_77484.swift; sourceTree = "<group>"; };
		CE683FC328AE9368004A65C6 /* pg_92334.swift */ = {isa = PBXFileReference; fileEncoding = 4; lastKnownFileType = sourcecode.swift; path = pg_92334.swift; sourceTree = "<group>"; };
		CE683FC428AE9368004A65C6 /* pg_17682.swift */ = {isa = PBXFileReference; fileEncoding = 4; lastKnownFileType = sourcecode.swift; path = pg_17682.swift; sourceTree = "<group>"; };
		CE683FC528AE9368004A65C6 /* pg_17681.swift */ = {isa = PBXFileReference; fileEncoding = 4; lastKnownFileType = sourcecode.swift; path = pg_17681.swift; sourceTree = "<group>"; };
		CE683FC628AE9368004A65C6 /* pg_12940.swift */ = {isa = PBXFileReference; fileEncoding = 4; lastKnownFileType = sourcecode.swift; path = pg_12940.swift; sourceTree = "<group>"; };
		CE683FC728AE9369004A65C6 /* pg_12926.swift */ = {isa = PBXFileReference; fileEncoding = 4; lastKnownFileType = sourcecode.swift; path = pg_12926.swift; sourceTree = "<group>"; };
		CE683FC828AE9369004A65C6 /* pg_12921.swift */ = {isa = PBXFileReference; fileEncoding = 4; lastKnownFileType = sourcecode.swift; path = pg_12921.swift; sourceTree = "<group>"; };
		CE683FC928AE9369004A65C6 /* pg_64061.swift */ = {isa = PBXFileReference; fileEncoding = 4; lastKnownFileType = sourcecode.swift; path = pg_64061.swift; sourceTree = "<group>"; };
		CE683FCA28AE9369004A65C6 /* pg_12982.swift */ = {isa = PBXFileReference; fileEncoding = 4; lastKnownFileType = sourcecode.swift; path = pg_12982.swift; sourceTree = "<group>"; };
		CE683FCB28AE9369004A65C6 /* pg_12925.swift */ = {isa = PBXFileReference; fileEncoding = 4; lastKnownFileType = sourcecode.swift; path = pg_12925.swift; sourceTree = "<group>"; };
		CE683FCC28AE9369004A65C6 /* pg_12943.swift */ = {isa = PBXFileReference; fileEncoding = 4; lastKnownFileType = sourcecode.swift; path = pg_12943.swift; sourceTree = "<group>"; };
		CE683FCD28AE9369004A65C6 /* pg_12933.swift */ = {isa = PBXFileReference; fileEncoding = 4; lastKnownFileType = sourcecode.swift; path = pg_12933.swift; sourceTree = "<group>"; };
		CE683FCE28AE9369004A65C6 /* pg_70128.swift */ = {isa = PBXFileReference; fileEncoding = 4; lastKnownFileType = sourcecode.swift; path = pg_70128.swift; sourceTree = "<group>"; };
		CE683FCF28AE9369004A65C6 /* pg_42889.swift */ = {isa = PBXFileReference; fileEncoding = 4; lastKnownFileType = sourcecode.swift; path = pg_42889.swift; sourceTree = "<group>"; };
		CE683FD028AE9369004A65C6 /* pg_42840.swift */ = {isa = PBXFileReference; fileEncoding = 4; lastKnownFileType = sourcecode.swift; path = pg_42840.swift; sourceTree = "<group>"; };
		CE683FD128AE9369004A65C6 /* pg_12947.swift */ = {isa = PBXFileReference; fileEncoding = 4; lastKnownFileType = sourcecode.swift; path = pg_12947.swift; sourceTree = "<group>"; };
		CE683FD228AE9369004A65C6 /* pg_86051.swift */ = {isa = PBXFileReference; fileEncoding = 4; lastKnownFileType = sourcecode.swift; path = pg_86051.swift; sourceTree = "<group>"; };
		CE683FD328AE9369004A65C6 /* pg_12934.swift */ = {isa = PBXFileReference; fileEncoding = 4; lastKnownFileType = sourcecode.swift; path = pg_12934.swift; sourceTree = "<group>"; };
		CE683FD428AE9369004A65C6 /* pg_12922.swift */ = {isa = PBXFileReference; fileEncoding = 4; lastKnownFileType = sourcecode.swift; path = pg_12922.swift; sourceTree = "<group>"; };
		CE683FD528AE9369004A65C6 /* pg_86491.swift */ = {isa = PBXFileReference; fileEncoding = 4; lastKnownFileType = sourcecode.swift; path = pg_86491.swift; sourceTree = "<group>"; };
		CE683FD628AE9369004A65C6 /* pg_12932.swift */ = {isa = PBXFileReference; fileEncoding = 4; lastKnownFileType = sourcecode.swift; path = pg_12932.swift; sourceTree = "<group>"; };
		CE683FD728AE9369004A65C6 /* pg_76501.swift */ = {isa = PBXFileReference; fileEncoding = 4; lastKnownFileType = sourcecode.swift; path = pg_76501.swift; sourceTree = "<group>"; };
		CE683FD828AE9369004A65C6 /* pg_12917.swift */ = {isa = PBXFileReference; fileEncoding = 4; lastKnownFileType = sourcecode.swift; path = pg_12917.swift; sourceTree = "<group>"; };
		CE683FD928AE9369004A65C6 /* pg_12918.swift */ = {isa = PBXFileReference; fileEncoding = 4; lastKnownFileType = sourcecode.swift; path = pg_12918.swift; sourceTree = "<group>"; };
		CE683FDA28AE9369004A65C6 /* pg_118666.swift */ = {isa = PBXFileReference; fileEncoding = 4; lastKnownFileType = sourcecode.swift; path = pg_118666.swift; sourceTree = "<group>"; };
		CE683FDB28AE9369004A65C6 /* pg_42862.swift */ = {isa = PBXFileReference; fileEncoding = 4; lastKnownFileType = sourcecode.swift; path = pg_42862.swift; sourceTree = "<group>"; };
		CE683FDC28AE9369004A65C6 /* pg_12916.swift */ = {isa = PBXFileReference; fileEncoding = 4; lastKnownFileType = sourcecode.swift; path = pg_12916.swift; sourceTree = "<group>"; };
		CE683FDD28AE9369004A65C6 /* pg_67256.swift */ = {isa = PBXFileReference; fileEncoding = 4; lastKnownFileType = sourcecode.swift; path = pg_67256.swift; sourceTree = "<group>"; };
		CE683FDE28AE9369004A65C6 /* pg_12937.swift */ = {isa = PBXFileReference; fileEncoding = 4; lastKnownFileType = sourcecode.swift; path = pg_12937.swift; sourceTree = "<group>"; };
		CE683FDF28AE9369004A65C6 /* pg_12915.swift */ = {isa = PBXFileReference; fileEncoding = 4; lastKnownFileType = sourcecode.swift; path = pg_12915.swift; sourceTree = "<group>"; };
		CE68401828AF7629004A65C6 /* pg_92342.swift */ = {isa = PBXFileReference; lastKnownFileType = sourcecode.swift; path = pg_92342.swift; sourceTree = "<group>"; };
		CE68401A28AF832A004A65C6 /* pg_12953.swift */ = {isa = PBXFileReference; lastKnownFileType = sourcecode.swift; path = pg_12953.swift; sourceTree = "<group>"; };
		CE68401C28B0A413004A65C6 /* pg_12952.swift */ = {isa = PBXFileReference; lastKnownFileType = sourcecode.swift; path = pg_12952.swift; sourceTree = "<group>"; };
		CE68401E28B0B4EB004A65C6 /* pg_12951.swift */ = {isa = PBXFileReference; lastKnownFileType = sourcecode.swift; path = pg_12951.swift; sourceTree = "<group>"; };
		CE68402028B1FAD3004A65C6 /* pg_12949.swift */ = {isa = PBXFileReference; lastKnownFileType = sourcecode.swift; path = pg_12949.swift; sourceTree = "<group>"; };
		CE68402228B20079004A65C6 /* pg_12946.swift */ = {isa = PBXFileReference; lastKnownFileType = sourcecode.swift; path = pg_12946.swift; sourceTree = "<group>"; };
		CE68404D28B33C8B004A65C6 /* pg_12945.swift */ = {isa = PBXFileReference; lastKnownFileType = sourcecode.swift; path = pg_12945.swift; sourceTree = "<group>"; };
		CE68404F28B63BC9004A65C6 /* pg_12941.swift */ = {isa = PBXFileReference; lastKnownFileType = sourcecode.swift; path = pg_12941.swift; sourceTree = "<group>"; };
		CE68405128B63DB6004A65C6 /* pg_12939.swift */ = {isa = PBXFileReference; lastKnownFileType = sourcecode.swift; path = pg_12939.swift; sourceTree = "<group>"; };
		CE68405328B63F4B004A65C6 /* pg_92341.swift */ = {isa = PBXFileReference; lastKnownFileType = sourcecode.swift; path = pg_92341.swift; sourceTree = "<group>"; };
		CE68405528B89DE8004A65C6 /* pg_92335.swift */ = {isa = PBXFileReference; lastKnownFileType = sourcecode.swift; path = pg_92335.swift; sourceTree = "<group>"; };
		CE68405728B8A18E004A65C6 /* pg_12914.swift */ = {isa = PBXFileReference; lastKnownFileType = sourcecode.swift; path = pg_12914.swift; sourceTree = "<group>"; };
		CE68405928BA2B8C004A65C6 /* pg_12913.swift */ = {isa = PBXFileReference; lastKnownFileType = sourcecode.swift; path = pg_12913.swift; sourceTree = "<group>"; };
		CE68405B28BA8760004A65C6 /* pg_12911.swift */ = {isa = PBXFileReference; lastKnownFileType = sourcecode.swift; path = pg_12911.swift; sourceTree = "<group>"; };
		CE68405D28BB762F004A65C6 /* pg_17687.swift */ = {isa = PBXFileReference; lastKnownFileType = sourcecode.swift; path = pg_17687.swift; sourceTree = "<group>"; };
		CE68405F28BCEE64004A65C6 /* pg_17686.swift */ = {isa = PBXFileReference; lastKnownFileType = sourcecode.swift; path = pg_17686.swift; sourceTree = "<group>"; };
		CE68406128BCFE75004A65C6 /* pg_17684.swift */ = {isa = PBXFileReference; lastKnownFileType = sourcecode.swift; path = pg_17684.swift; sourceTree = "<group>"; };
		CE68406328BDD387004A65C6 /* pg_12905.swift */ = {isa = PBXFileReference; lastKnownFileType = sourcecode.swift; path = pg_12905.swift; sourceTree = "<group>"; };
		CE68406528C0DDC5004A65C6 /* pg_17683.swift */ = {isa = PBXFileReference; lastKnownFileType = sourcecode.swift; path = pg_17683.swift; sourceTree = "<group>"; };
		CE68406728C4BDC5004A65C6 /* pg_49994.swift */ = {isa = PBXFileReference; lastKnownFileType = sourcecode.swift; path = pg_49994.swift; sourceTree = "<group>"; };
		CE68406928C61200004A65C6 /* pg_49993.swift */ = {isa = PBXFileReference; lastKnownFileType = sourcecode.swift; path = pg_49993.swift; sourceTree = "<group>"; };
		CE68406B28C61935004A65C6 /* pg_68936.swift */ = {isa = PBXFileReference; lastKnownFileType = sourcecode.swift; path = pg_68936.swift; sourceTree = "<group>"; };
		CE68406D28C6FC21004A65C6 /* pg_87390.swift */ = {isa = PBXFileReference; lastKnownFileType = sourcecode.swift; path = pg_87390.swift; sourceTree = "<group>"; };
		CE90A21B28CA089F0013C0B9 /* pg_12978.swift */ = {isa = PBXFileReference; lastKnownFileType = sourcecode.swift; path = pg_12978.swift; sourceTree = "<group>"; };
		CE90A21D28CA10EB0013C0B9 /* pg_12980.swift */ = {isa = PBXFileReference; lastKnownFileType = sourcecode.swift; path = pg_12980.swift; sourceTree = "<group>"; };
		CE90A21F28CB0CAB0013C0B9 /* pg_12981.swift */ = {isa = PBXFileReference; lastKnownFileType = sourcecode.swift; path = pg_12981.swift; sourceTree = "<group>"; };
/* End PBXFileReference section */

/* Begin PBXFrameworksBuildPhase section */
		CE683F9528AE51A5004A65C6 /* Frameworks */ = {
			isa = PBXFrameworksBuildPhase;
			buildActionMask = 2147483647;
			files = (
			);
			runOnlyForDeploymentPostprocessing = 0;
		};
/* End PBXFrameworksBuildPhase section */

/* Begin PBXGroup section */
		CE683F8F28AE51A5004A65C6 = {
			isa = PBXGroup;
			children = (
				CE683F9A28AE51A5004A65C6 /* programmers */,
				CE683F9928AE51A5004A65C6 /* Products */,
			);
			sourceTree = "<group>";
		};
		CE683F9928AE51A5004A65C6 /* Products */ = {
			isa = PBXGroup;
			children = (
				CE683F9828AE51A5004A65C6 /* programmers */,
			);
			name = Products;
			sourceTree = "<group>";
		};
		CE683F9A28AE51A5004A65C6 /* programmers */ = {
			isa = PBXGroup;
			children = (
				CE683F9B28AE51A5004A65C6 /* main.swift */,
				CE683FA728AE931D004A65C6 /* Level1 */,
				CE683FA228AE51B0004A65C6 /* Level2 */,
			);
			path = programmers;
			sourceTree = "<group>";
		};
		CE683FA228AE51B0004A65C6 /* Level2 */ = {
			isa = PBXGroup;
			children = (
				CE683FA528AE671F004A65C6 /* pg_42839.swift */,
				CE68401828AF7629004A65C6 /* pg_92342.swift */,
				CE68401A28AF832A004A65C6 /* pg_12953.swift */,
				CE68401C28B0A413004A65C6 /* pg_12952.swift */,
				CE68401E28B0B4EB004A65C6 /* pg_12951.swift */,
				CE68402028B1FAD3004A65C6 /* pg_12949.swift */,
				CE68402228B20079004A65C6 /* pg_12946.swift */,
				CE68404D28B33C8B004A65C6 /* pg_12945.swift */,
				CE68404F28B63BC9004A65C6 /* pg_12941.swift */,
				CE68405128B63DB6004A65C6 /* pg_12939.swift */,
				CE68405328B63F4B004A65C6 /* pg_92341.swift */,
				CE68405528B89DE8004A65C6 /* pg_92335.swift */,
				CE68405728B8A18E004A65C6 /* pg_12914.swift */,
				CE68405928BA2B8C004A65C6 /* pg_12913.swift */,
				CE68405B28BA8760004A65C6 /* pg_12911.swift */,
				CE68405D28BB762F004A65C6 /* pg_17687.swift */,
				CE68405F28BCEE64004A65C6 /* pg_17686.swift */,
				CE68406128BCFE75004A65C6 /* pg_17684.swift */,
				CE68406328BDD387004A65C6 /* pg_12905.swift */,
				CE68406528C0DDC5004A65C6 /* pg_17683.swift */,
				CE68406728C4BDC5004A65C6 /* pg_49994.swift */,
				CE68406928C61200004A65C6 /* pg_49993.swift */,
				CE68406B28C61935004A65C6 /* pg_68936.swift */,
				CE68406D28C6FC21004A65C6 /* pg_87390.swift */,
				CE352EA328C8D05D001DA725 /* pg_12909.swift */,
				CE352EA528C8D20D001DA725 /* pg_12973.swift */,
				CE90A21B28CA089F0013C0B9 /* pg_12978.swift */,
				CE90A21D28CA10EB0013C0B9 /* pg_12980.swift */,
				CE90A21F28CB0CAB0013C0B9 /* pg_12981.swift */,
			);
			path = Level2;
			sourceTree = "<group>";
		};
		CE683FA728AE931D004A65C6 /* Level1 */ = {
			isa = PBXGroup;
			children = (
				CE683FB528AE9368004A65C6 /* pg_8577.swift */,
				CE683FBC28AE9368004A65C6 /* pg_12901.swift */,
				CE683FC028AE9368004A65C6 /* pg_12903.swift */,
				CE683FBA28AE9368004A65C6 /* pg_12910.swift */,
				CE683FB728AE9368004A65C6 /* pg_12912.swift */,
				CE683FDF28AE9369004A65C6 /* pg_12915.swift */,
				CE683FDC28AE9369004A65C6 /* pg_12916.swift */,
				CE683FD828AE9369004A65C6 /* pg_12917.swift */,
				CE683FD928AE9369004A65C6 /* pg_12918.swift */,
				CE683FB028AE9368004A65C6 /* pg_12919.swift */,
				CE683FC828AE9369004A65C6 /* pg_12921.swift */,
				CE683FD428AE9369004A65C6 /* pg_12922.swift */,
				CE683FCB28AE9369004A65C6 /* pg_12925.swift */,
				CE683FC728AE9369004A65C6 /* pg_12926.swift */,
				CE683FB628AE9368004A65C6 /* pg_12928.swift */,
				CE683FB128AE9368004A65C6 /* pg_12930.swift */,
				CE683FBF28AE9368004A65C6 /* pg_12931.swift */,
				CE683FD628AE9369004A65C6 /* pg_12932.swift */,
				CE683FCD28AE9369004A65C6 /* pg_12933.swift */,
				CE683FD328AE9369004A65C6 /* pg_12934.swift */,
				CE683FAC28AE9368004A65C6 /* pg_12935.swift */,
				CE683FDE28AE9369004A65C6 /* pg_12937.swift */,
				CE683FC628AE9368004A65C6 /* pg_12940.swift */,
				CE683FCC28AE9369004A65C6 /* pg_12943.swift */,
				CE683FAB28AE9368004A65C6 /* pg_12944.swift */,
				CE683FD128AE9369004A65C6 /* pg_12947.swift */,
				CE683FBB28AE9368004A65C6 /* pg_12948.swift */,
				CE683FC128AE9368004A65C6 /* pg_12950.swift */,
				CE683FA928AE9368004A65C6 /* pg_12954.swift */,
				CE683FA828AE9368004A65C6 /* pg_12969.swift */,
				CE683FAA28AE9368004A65C6 /* pg_12977.swift */,
				CE683FCA28AE9369004A65C6 /* pg_12982.swift */,
				CE683FB328AE9368004A65C6 /* pg_13752.swift */,
				CE683FB428AE9368004A65C6 /* pg_13755.swift */,
				CE683FC528AE9368004A65C6 /* pg_17681.swift */,
				CE683FC428AE9368004A65C6 /* pg_17682.swift */,
				CE683FBE28AE9368004A65C6 /* pg_42748.swift */,
				CE683FD028AE9369004A65C6 /* pg_42840.swift */,
				CE683FDB28AE9369004A65C6 /* pg_42862.swift */,
				CE683FCF28AE9369004A65C6 /* pg_42889.swift */,
				CE683FC928AE9369004A65C6 /* pg_64061.swift */,
				CE683FDD28AE9369004A65C6 /* pg_67256.swift */,
				CE683FB228AE9368004A65C6 /* pg_68644.swift */,
				CE683FB828AE9368004A65C6 /* pg_68935.swift */,
				CE683FCE28AE9369004A65C6 /* pg_70128.swift */,
				CE683FBD28AE9368004A65C6 /* pg_72410.swift */,
				CE683FD728AE9369004A65C6 /* pg_76501.swift */,
				CE683FC228AE9368004A65C6 /* pg_77484.swift */,
				CE683FAD28AE9368004A65C6 /* pg_77884.swift */,
				CE683FAE28AE9368004A65C6 /* pg_81301.swift */,
				CE683FB928AE9368004A65C6 /* pg_82612.swift */,
				CE683FD228AE9369004A65C6 /* pg_86051.swift */,
				CE683FD528AE9369004A65C6 /* pg_86491.swift */,
				CE683FAF28AE9368004A65C6 /* pg_87389.swift */,
				CE683FC328AE9368004A65C6 /* pg_92334.swift */,
				CE683FDA28AE9369004A65C6 /* pg_118666.swift */,
			);
			path = Level1;
			sourceTree = "<group>";
		};
/* End PBXGroup section */

/* Begin PBXNativeTarget section */
		CE683F9728AE51A5004A65C6 /* programmers */ = {
			isa = PBXNativeTarget;
			buildConfigurationList = CE683F9F28AE51A5004A65C6 /* Build configuration list for PBXNativeTarget "programmers" */;
			buildPhases = (
				CE683F9428AE51A5004A65C6 /* Sources */,
				CE683F9528AE51A5004A65C6 /* Frameworks */,
				CE683F9628AE51A5004A65C6 /* CopyFiles */,
			);
			buildRules = (
			);
			dependencies = (
			);
			name = programmers;
			productName = programmers;
			productReference = CE683F9828AE51A5004A65C6 /* programmers */;
			productType = "com.apple.product-type.tool";
		};
/* End PBXNativeTarget section */

/* Begin PBXProject section */
		CE683F9028AE51A5004A65C6 /* Project object */ = {
			isa = PBXProject;
			attributes = {
				BuildIndependentTargetsInParallel = 1;
				LastSwiftUpdateCheck = 1340;
				LastUpgradeCheck = 1340;
				TargetAttributes = {
					CE683F9728AE51A5004A65C6 = {
						CreatedOnToolsVersion = 13.4.1;
					};
				};
			};
			buildConfigurationList = CE683F9328AE51A5004A65C6 /* Build configuration list for PBXProject "programmers" */;
			compatibilityVersion = "Xcode 13.0";
			developmentRegion = en;
			hasScannedForEncodings = 0;
			knownRegions = (
				en,
				Base,
			);
			mainGroup = CE683F8F28AE51A5004A65C6;
			productRefGroup = CE683F9928AE51A5004A65C6 /* Products */;
			projectDirPath = "";
			projectRoot = "";
			targets = (
				CE683F9728AE51A5004A65C6 /* programmers */,
			);
		};
/* End PBXProject section */

/* Begin PBXSourcesBuildPhase section */
		CE683F9428AE51A5004A65C6 /* Sources */ = {
			isa = PBXSourcesBuildPhase;
			buildActionMask = 2147483647;
			files = (
				CE68406E28C6FC21004A65C6 /* pg_87390.swift in Sources */,
				CE68405028B63BC9004A65C6 /* pg_12941.swift in Sources */,
				CE683FEA28AE9369004A65C6 /* pg_68644.swift in Sources */,
				CE683FF828AE9369004A65C6 /* pg_12903.swift in Sources */,
				CE90A22028CB0CAB0013C0B9 /* pg_12981.swift in Sources */,
				CE683FE128AE9369004A65C6 /* pg_12954.swift in Sources */,
				CE683FE528AE9369004A65C6 /* pg_77884.swift in Sources */,
				CE68400B28AE9369004A65C6 /* pg_12934.swift in Sources */,
				CE68400628AE9369004A65C6 /* pg_70128.swift in Sources */,
				CE68406028BCEE64004A65C6 /* pg_17686.swift in Sources */,
				CE68400128AE9369004A65C6 /* pg_64061.swift in Sources */,
				CE683F9C28AE51A5004A65C6 /* main.swift in Sources */,
				CE683FF428AE9369004A65C6 /* pg_12901.swift in Sources */,
				CE68401028AE9369004A65C6 /* pg_12917.swift in Sources */,
				CE68406A28C61200004A65C6 /* pg_49993.swift in Sources */,
				CE683FFD28AE9369004A65C6 /* pg_17681.swift in Sources */,
				CE683FE828AE9369004A65C6 /* pg_12919.swift in Sources */,
				CE683FE428AE9369004A65C6 /* pg_12935.swift in Sources */,
				CE90A21E28CA10EB0013C0B9 /* pg_12980.swift in Sources */,
				CE683FFA28AE9369004A65C6 /* pg_77484.swift in Sources */,
				CE683FF928AE9369004A65C6 /* pg_12950.swift in Sources */,
				CE68400228AE9369004A65C6 /* pg_12982.swift in Sources */,
				CE68401128AE9369004A65C6 /* pg_12918.swift in Sources */,
				CE683FE728AE9369004A65C6 /* pg_87389.swift in Sources */,
				CE68402128B1FAD3004A65C6 /* pg_12949.swift in Sources */,
				CE683FE028AE9369004A65C6 /* pg_12969.swift in Sources */,
				CE68405C28BA8760004A65C6 /* pg_12911.swift in Sources */,
				CE683FE628AE9369004A65C6 /* pg_81301.swift in Sources */,
				CE683FFC28AE9369004A65C6 /* pg_17682.swift in Sources */,
				CE68405228B63DB6004A65C6 /* pg_12939.swift in Sources */,
				CE68401328AE9369004A65C6 /* pg_42862.swift in Sources */,
				CE68400928AE9369004A65C6 /* pg_12947.swift in Sources */,
				CE68400528AE9369004A65C6 /* pg_12933.swift in Sources */,
				CE68400A28AE9369004A65C6 /* pg_86051.swift in Sources */,
				CE68401F28B0B4EB004A65C6 /* pg_12951.swift in Sources */,
				CE683FFF28AE9369004A65C6 /* pg_12926.swift in Sources */,
				CE68401228AE9369004A65C6 /* pg_118666.swift in Sources */,
				CE683FED28AE9369004A65C6 /* pg_8577.swift in Sources */,
				CE68401628AE9369004A65C6 /* pg_12937.swift in Sources */,
				CE683FF128AE9369004A65C6 /* pg_82612.swift in Sources */,
				CE683FEB28AE9369004A65C6 /* pg_13752.swift in Sources */,
				CE683FF628AE9369004A65C6 /* pg_42748.swift in Sources */,
				CE683FF028AE9369004A65C6 /* pg_68935.swift in Sources */,
				CE683FE328AE9369004A65C6 /* pg_12944.swift in Sources */,
				CE68404E28B33C8B004A65C6 /* pg_12945.swift in Sources */,
				CE68401528AE9369004A65C6 /* pg_67256.swift in Sources */,
				CE68402328B20079004A65C6 /* pg_12946.swift in Sources */,
				CE68401B28AF832A004A65C6 /* pg_12953.swift in Sources */,
				CE68406628C0DDC5004A65C6 /* pg_17683.swift in Sources */,
				CE683FEF28AE9369004A65C6 /* pg_12912.swift in Sources */,
				CE68405628B89DE8004A65C6 /* pg_92335.swift in Sources */,
				CE683FEE28AE9369004A65C6 /* pg_12928.swift in Sources */,
				CE68401728AE9369004A65C6 /* pg_12915.swift in Sources */,
				CE68406828C4BDC5004A65C6 /* pg_49994.swift in Sources */,
				CE68400E28AE9369004A65C6 /* pg_12932.swift in Sources */,
				CE68400F28AE9369004A65C6 /* pg_76501.swift in Sources */,
				CE90A21C28CA089F0013C0B9 /* pg_12978.swift in Sources */,
				CE68400328AE9369004A65C6 /* pg_12925.swift in Sources */,
				CE68400C28AE9369004A65C6 /* pg_12922.swift in Sources */,
				CE68401928AF7629004A65C6 /* pg_92342.swift in Sources */,
				CE68405428B63F4B004A65C6 /* pg_92341.swift in Sources */,
				CE683FEC28AE9369004A65C6 /* pg_13755.swift in Sources */,
				CE68401D28B0A413004A65C6 /* pg_12952.swift in Sources */,
				CE68405828B8A18E004A65C6 /* pg_12914.swift in Sources */,
				CE683FFB28AE9369004A65C6 /* pg_92334.swift in Sources */,
				CE352EA428C8D05D001DA725 /* pg_12909.swift in Sources */,
				CE68406228BCFE75004A65C6 /* pg_17684.swift in Sources */,
				CE68405A28BA2B8C004A65C6 /* pg_12913.swift in Sources */,
				CE68406C28C61935004A65C6 /* pg_68936.swift in Sources */,
				CE68406428BDD387004A65C6 /* pg_12905.swift in Sources */,
				CE683FE228AE9369004A65C6 /* pg_12977.swift in Sources */,
				CE68400428AE9369004A65C6 /* pg_12943.swift in Sources */,
				CE683FF228AE9369004A65C6 /* pg_12910.swift in Sources */,
				CE68400728AE9369004A65C6 /* pg_42889.swift in Sources */,
				CE68400028AE9369004A65C6 /* pg_12921.swift in Sources */,
				CE683FE928AE9369004A65C6 /* pg_12930.swift in Sources */,
				CE683FF528AE9369004A65C6 /* pg_72410.swift in Sources */,
				CE352EA628C8D20D001DA725 /* pg_12973.swift in Sources */,
				CE683FF728AE9369004A65C6 /* pg_12931.swift in Sources */,
				CE68401428AE9369004A65C6 /* pg_12916.swift in Sources */,
				CE68405E28BB762F004A65C6 /* pg_17687.swift in Sources */,
				CE68400D28AE9369004A65C6 /* pg_86491.swift in Sources */,
				CE683FFE28AE9369004A65C6 /* pg_12940.swift in Sources */,
				CE683FA628AE671F004A65C6 /* pg_42839.swift in Sources */,
				CE683FF328AE9369004A65C6 /* pg_12948.swift in Sources */,
				CE68400828AE9369004A65C6 /* pg_42840.swift in Sources */,
			);
			runOnlyForDeploymentPostprocessing = 0;
		};
/* End PBXSourcesBuildPhase section */

/* Begin XCBuildConfiguration section */
		CE683F9D28AE51A5004A65C6 /* Debug */ = {
			isa = XCBuildConfiguration;
			buildSettings = {
				ALWAYS_SEARCH_USER_PATHS = NO;
				CLANG_ANALYZER_NONNULL = YES;
				CLANG_ANALYZER_NUMBER_OBJECT_CONVERSION = YES_AGGRESSIVE;
				CLANG_CXX_LANGUAGE_STANDARD = "gnu++17";
				CLANG_ENABLE_MODULES = YES;
				CLANG_ENABLE_OBJC_ARC = YES;
				CLANG_ENABLE_OBJC_WEAK = YES;
				CLANG_WARN_BLOCK_CAPTURE_AUTORELEASING = YES;
				CLANG_WARN_BOOL_CONVERSION = YES;
				CLANG_WARN_COMMA = YES;
				CLANG_WARN_CONSTANT_CONVERSION = YES;
				CLANG_WARN_DEPRECATED_OBJC_IMPLEMENTATIONS = YES;
				CLANG_WARN_DIRECT_OBJC_ISA_USAGE = YES_ERROR;
				CLANG_WARN_DOCUMENTATION_COMMENTS = YES;
				CLANG_WARN_EMPTY_BODY = YES;
				CLANG_WARN_ENUM_CONVERSION = YES;
				CLANG_WARN_INFINITE_RECURSION = YES;
				CLANG_WARN_INT_CONVERSION = YES;
				CLANG_WARN_NON_LITERAL_NULL_CONVERSION = YES;
				CLANG_WARN_OBJC_IMPLICIT_RETAIN_SELF = YES;
				CLANG_WARN_OBJC_LITERAL_CONVERSION = YES;
				CLANG_WARN_OBJC_ROOT_CLASS = YES_ERROR;
				CLANG_WARN_QUOTED_INCLUDE_IN_FRAMEWORK_HEADER = YES;
				CLANG_WARN_RANGE_LOOP_ANALYSIS = YES;
				CLANG_WARN_STRICT_PROTOTYPES = YES;
				CLANG_WARN_SUSPICIOUS_MOVE = YES;
				CLANG_WARN_UNGUARDED_AVAILABILITY = YES_AGGRESSIVE;
				CLANG_WARN_UNREACHABLE_CODE = YES;
				CLANG_WARN__DUPLICATE_METHOD_MATCH = YES;
				COPY_PHASE_STRIP = NO;
				DEBUG_INFORMATION_FORMAT = dwarf;
				ENABLE_STRICT_OBJC_MSGSEND = YES;
				ENABLE_TESTABILITY = YES;
				GCC_C_LANGUAGE_STANDARD = gnu11;
				GCC_DYNAMIC_NO_PIC = NO;
				GCC_NO_COMMON_BLOCKS = YES;
				GCC_OPTIMIZATION_LEVEL = 0;
				GCC_PREPROCESSOR_DEFINITIONS = (
					"DEBUG=1",
					"$(inherited)",
				);
				GCC_WARN_64_TO_32_BIT_CONVERSION = YES;
				GCC_WARN_ABOUT_RETURN_TYPE = YES_ERROR;
				GCC_WARN_UNDECLARED_SELECTOR = YES;
				GCC_WARN_UNINITIALIZED_AUTOS = YES_AGGRESSIVE;
				GCC_WARN_UNUSED_FUNCTION = YES;
				GCC_WARN_UNUSED_VARIABLE = YES;
				MACOSX_DEPLOYMENT_TARGET = 12.3;
				MTL_ENABLE_DEBUG_INFO = INCLUDE_SOURCE;
				MTL_FAST_MATH = YES;
				ONLY_ACTIVE_ARCH = YES;
				SDKROOT = macosx;
				SWIFT_ACTIVE_COMPILATION_CONDITIONS = DEBUG;
				SWIFT_OPTIMIZATION_LEVEL = "-Onone";
			};
			name = Debug;
		};
		CE683F9E28AE51A5004A65C6 /* Release */ = {
			isa = XCBuildConfiguration;
			buildSettings = {
				ALWAYS_SEARCH_USER_PATHS = NO;
				CLANG_ANALYZER_NONNULL = YES;
				CLANG_ANALYZER_NUMBER_OBJECT_CONVERSION = YES_AGGRESSIVE;
				CLANG_CXX_LANGUAGE_STANDARD = "gnu++17";
				CLANG_ENABLE_MODULES = YES;
				CLANG_ENABLE_OBJC_ARC = YES;
				CLANG_ENABLE_OBJC_WEAK = YES;
				CLANG_WARN_BLOCK_CAPTURE_AUTORELEASING = YES;
				CLANG_WARN_BOOL_CONVERSION = YES;
				CLANG_WARN_COMMA = YES;
				CLANG_WARN_CONSTANT_CONVERSION = YES;
				CLANG_WARN_DEPRECATED_OBJC_IMPLEMENTATIONS = YES;
				CLANG_WARN_DIRECT_OBJC_ISA_USAGE = YES_ERROR;
				CLANG_WARN_DOCUMENTATION_COMMENTS = YES;
				CLANG_WARN_EMPTY_BODY = YES;
				CLANG_WARN_ENUM_CONVERSION = YES;
				CLANG_WARN_INFINITE_RECURSION = YES;
				CLANG_WARN_INT_CONVERSION = YES;
				CLANG_WARN_NON_LITERAL_NULL_CONVERSION = YES;
				CLANG_WARN_OBJC_IMPLICIT_RETAIN_SELF = YES;
				CLANG_WARN_OBJC_LITERAL_CONVERSION = YES;
				CLANG_WARN_OBJC_ROOT_CLASS = YES_ERROR;
				CLANG_WARN_QUOTED_INCLUDE_IN_FRAMEWORK_HEADER = YES;
				CLANG_WARN_RANGE_LOOP_ANALYSIS = YES;
				CLANG_WARN_STRICT_PROTOTYPES = YES;
				CLANG_WARN_SUSPICIOUS_MOVE = YES;
				CLANG_WARN_UNGUARDED_AVAILABILITY = YES_AGGRESSIVE;
				CLANG_WARN_UNREACHABLE_CODE = YES;
				CLANG_WARN__DUPLICATE_METHOD_MATCH = YES;
				COPY_PHASE_STRIP = NO;
				DEBUG_INFORMATION_FORMAT = "dwarf-with-dsym";
				ENABLE_NS_ASSERTIONS = NO;
				ENABLE_STRICT_OBJC_MSGSEND = YES;
				GCC_C_LANGUAGE_STANDARD = gnu11;
				GCC_NO_COMMON_BLOCKS = YES;
				GCC_WARN_64_TO_32_BIT_CONVERSION = YES;
				GCC_WARN_ABOUT_RETURN_TYPE = YES_ERROR;
				GCC_WARN_UNDECLARED_SELECTOR = YES;
				GCC_WARN_UNINITIALIZED_AUTOS = YES_AGGRESSIVE;
				GCC_WARN_UNUSED_FUNCTION = YES;
				GCC_WARN_UNUSED_VARIABLE = YES;
				MACOSX_DEPLOYMENT_TARGET = 12.3;
				MTL_ENABLE_DEBUG_INFO = NO;
				MTL_FAST_MATH = YES;
				SDKROOT = macosx;
				SWIFT_COMPILATION_MODE = wholemodule;
				SWIFT_OPTIMIZATION_LEVEL = "-O";
			};
			name = Release;
		};
		CE683FA028AE51A5004A65C6 /* Debug */ = {
			isa = XCBuildConfiguration;
			buildSettings = {
				CODE_SIGN_STYLE = Automatic;
				PRODUCT_NAME = "$(TARGET_NAME)";
				SWIFT_VERSION = 5.0;
			};
			name = Debug;
		};
		CE683FA128AE51A5004A65C6 /* Release */ = {
			isa = XCBuildConfiguration;
			buildSettings = {
				CODE_SIGN_STYLE = Automatic;
				PRODUCT_NAME = "$(TARGET_NAME)";
				SWIFT_VERSION = 5.0;
			};
			name = Release;
		};
/* End XCBuildConfiguration section */

/* Begin XCConfigurationList section */
		CE683F9328AE51A5004A65C6 /* Build configuration list for PBXProject "programmers" */ = {
			isa = XCConfigurationList;
			buildConfigurations = (
				CE683F9D28AE51A5004A65C6 /* Debug */,
				CE683F9E28AE51A5004A65C6 /* Release */,
			);
			defaultConfigurationIsVisible = 0;
			defaultConfigurationName = Release;
		};
		CE683F9F28AE51A5004A65C6 /* Build configuration list for PBXNativeTarget "programmers" */ = {
			isa = XCConfigurationList;
			buildConfigurations = (
				CE683FA028AE51A5004A65C6 /* Debug */,
				CE683FA128AE51A5004A65C6 /* Release */,
			);
			defaultConfigurationIsVisible = 0;
			defaultConfigurationName = Release;
		};
/* End XCConfigurationList section */
	};
	rootObject = CE683F9028AE51A5004A65C6 /* Project object */;
}
