// !$*UTF8*$!
{
	archiveVersion = 1;
	classes = {
	};
	objectVersion = 56;
	objects = {

/* Begin PBXBuildFile section */
		CE1E9FCE291D14230090F80F /* Q_19.swift in Sources */ = {isa = PBXBuildFile; fileRef = CE1E9FCD291D14230090F80F /* Q_19.swift */; };
		CE39FDA428EEF0C100ABEC63 /* main.swift in Sources */ = {isa = PBXBuildFile; fileRef = CE39FDA328EEF0C100ABEC63 /* main.swift */; };
		CE39FDAC28EEF31000ABEC63 /* p_1_3.swift in Sources */ = {isa = PBXBuildFile; fileRef = CE39FDAB28EEF31000ABEC63 /* p_1_3.swift */; };
		CE39FDAE28EEF53E00ABEC63 /* p_1_4.swift in Sources */ = {isa = PBXBuildFile; fileRef = CE39FDAD28EEF53E00ABEC63 /* p_1_4.swift */; };
		CE39FDB028EEFA6500ABEC63 /* Q_1.swift in Sources */ = {isa = PBXBuildFile; fileRef = CE39FDAF28EEFA6500ABEC63 /* Q_1.swift */; };
		CE39FDB228EEFF1E00ABEC63 /* Q_2.swift in Sources */ = {isa = PBXBuildFile; fileRef = CE39FDB128EEFF1E00ABEC63 /* Q_2.swift */; };
		CE7D3F0A292F06EE007E2C4E /* Q_28.swift in Sources */ = {isa = PBXBuildFile; fileRef = CE7D3F09292F06EE007E2C4E /* Q_28.swift */; };
		CE7D3F0C292F0A3D007E2C4E /* Q_29.swift in Sources */ = {isa = PBXBuildFile; fileRef = CE7D3F0B292F0A3D007E2C4E /* Q_29.swift */; };
		CE7E189428EF2D5500E1D210 /* Q_3.swift in Sources */ = {isa = PBXBuildFile; fileRef = CE7E189328EF2D5500E1D210 /* Q_3.swift */; };
		CEAD133529268E43009522A6 /* Q_23.swift in Sources */ = {isa = PBXBuildFile; fileRef = CEAD133429268E43009522A6 /* Q_23.swift */; };
		CEBF989F2928F2D2001DE16E /* Q_24.swift in Sources */ = {isa = PBXBuildFile; fileRef = CEBF989E2928F2D2001DE16E /* Q_24.swift */; };
		CEBF98A12928F9A2001DE16E /* Q_25.swift in Sources */ = {isa = PBXBuildFile; fileRef = CEBF98A02928F9A2001DE16E /* Q_25.swift */; };
		CEBF98A32928FEA2001DE16E /* Q_26.swift in Sources */ = {isa = PBXBuildFile; fileRef = CEBF98A22928FEA2001DE16E /* Q_26.swift */; };
		CED3DFBE2920E6FC0046F4D4 /* Q_20.swift in Sources */ = {isa = PBXBuildFile; fileRef = CED3DFBD2920E6FC0046F4D4 /* Q_20.swift */; };
		CED3DFC0292118ED0046F4D4 /* Q_22.swift in Sources */ = {isa = PBXBuildFile; fileRef = CED3DFBF292118ED0046F4D4 /* Q_22.swift */; };
		CEDAB84F28FBDE4E00D405E4 /* Q_9.swift in Sources */ = {isa = PBXBuildFile; fileRef = CEDAB84E28FBDE4E00D405E4 /* Q_9.swift */; };
		CEDAB85128FBF31D00D405E4 /* Q_10.swift in Sources */ = {isa = PBXBuildFile; fileRef = CEDAB85028FBF31D00D405E4 /* Q_10.swift */; };
		CEDF975F28F70EBB00EE8B25 /* Q_7.swift in Sources */ = {isa = PBXBuildFile; fileRef = CEDF975E28F70EBB00EE8B25 /* Q_7.swift */; };
		CEDF976128F7105100EE8B25 /* Q_8.swift in Sources */ = {isa = PBXBuildFile; fileRef = CEDF976028F7105100EE8B25 /* Q_8.swift */; };
/* End PBXBuildFile section */

/* Begin PBXCopyFilesBuildPhase section */
		CE39FD9E28EEF0C100ABEC63 /* CopyFiles */ = {
			isa = PBXCopyFilesBuildPhase;
			buildActionMask = 2147483647;
			dstPath = /usr/share/man/man1/;
			dstSubfolderSpec = 0;
			files = (
			);
			runOnlyForDeploymentPostprocessing = 1;
		};
/* End PBXCopyFilesBuildPhase section */

/* Begin PBXFileReference section */
		CE1E9FCD291D14230090F80F /* Q_19.swift */ = {isa = PBXFileReference; lastKnownFileType = sourcecode.swift; path = Q_19.swift; sourceTree = "<group>"; };
		CE39FDA028EEF0C100ABEC63 /* SwiftCodingTestFighter */ = {isa = PBXFileReference; explicitFileType = "compiled.mach-o.executable"; includeInIndex = 0; path = SwiftCodingTestFighter; sourceTree = BUILT_PRODUCTS_DIR; };
		CE39FDA328EEF0C100ABEC63 /* main.swift */ = {isa = PBXFileReference; lastKnownFileType = sourcecode.swift; path = main.swift; sourceTree = "<group>"; };
		CE39FDAB28EEF31000ABEC63 /* p_1_3.swift */ = {isa = PBXFileReference; lastKnownFileType = sourcecode.swift; path = p_1_3.swift; sourceTree = "<group>"; };
		CE39FDAD28EEF53E00ABEC63 /* p_1_4.swift */ = {isa = PBXFileReference; lastKnownFileType = sourcecode.swift; path = p_1_4.swift; sourceTree = "<group>"; };
		CE39FDAF28EEFA6500ABEC63 /* Q_1.swift */ = {isa = PBXFileReference; lastKnownFileType = sourcecode.swift; path = Q_1.swift; sourceTree = "<group>"; };
		CE39FDB128EEFF1E00ABEC63 /* Q_2.swift */ = {isa = PBXFileReference; lastKnownFileType = sourcecode.swift; path = Q_2.swift; sourceTree = "<group>"; };
		CE7D3F09292F06EE007E2C4E /* Q_28.swift */ = {isa = PBXFileReference; lastKnownFileType = sourcecode.swift; path = Q_28.swift; sourceTree = "<group>"; };
		CE7D3F0B292F0A3D007E2C4E /* Q_29.swift */ = {isa = PBXFileReference; lastKnownFileType = sourcecode.swift; path = Q_29.swift; sourceTree = "<group>"; };
		CE7E189328EF2D5500E1D210 /* Q_3.swift */ = {isa = PBXFileReference; lastKnownFileType = sourcecode.swift; path = Q_3.swift; sourceTree = "<group>"; };
		CEAD133429268E43009522A6 /* Q_23.swift */ = {isa = PBXFileReference; lastKnownFileType = sourcecode.swift; path = Q_23.swift; sourceTree = "<group>"; };
		CEBF989E2928F2D2001DE16E /* Q_24.swift */ = {isa = PBXFileReference; lastKnownFileType = sourcecode.swift; path = Q_24.swift; sourceTree = "<group>"; };
		CEBF98A02928F9A2001DE16E /* Q_25.swift */ = {isa = PBXFileReference; lastKnownFileType = sourcecode.swift; path = Q_25.swift; sourceTree = "<group>"; };
		CEBF98A22928FEA2001DE16E /* Q_26.swift */ = {isa = PBXFileReference; lastKnownFileType = sourcecode.swift; path = Q_26.swift; sourceTree = "<group>"; };
		CED3DFBD2920E6FC0046F4D4 /* Q_20.swift */ = {isa = PBXFileReference; lastKnownFileType = sourcecode.swift; path = Q_20.swift; sourceTree = "<group>"; };
		CED3DFBF292118ED0046F4D4 /* Q_22.swift */ = {isa = PBXFileReference; lastKnownFileType = sourcecode.swift; path = Q_22.swift; sourceTree = "<group>"; };
		CEDAB84E28FBDE4E00D405E4 /* Q_9.swift */ = {isa = PBXFileReference; lastKnownFileType = sourcecode.swift; path = Q_9.swift; sourceTree = "<group>"; };
		CEDAB85028FBF31D00D405E4 /* Q_10.swift */ = {isa = PBXFileReference; lastKnownFileType = sourcecode.swift; path = Q_10.swift; sourceTree = "<group>"; };
		CEDF975E28F70EBB00EE8B25 /* Q_7.swift */ = {isa = PBXFileReference; lastKnownFileType = sourcecode.swift; path = Q_7.swift; sourceTree = "<group>"; };
		CEDF976028F7105100EE8B25 /* Q_8.swift */ = {isa = PBXFileReference; lastKnownFileType = sourcecode.swift; path = Q_8.swift; sourceTree = "<group>"; };
/* End PBXFileReference section */

/* Begin PBXFrameworksBuildPhase section */
		CE39FD9D28EEF0C100ABEC63 /* Frameworks */ = {
			isa = PBXFrameworksBuildPhase;
			buildActionMask = 2147483647;
			files = (
			);
			runOnlyForDeploymentPostprocessing = 0;
		};
/* End PBXFrameworksBuildPhase section */

/* Begin PBXGroup section */
		CE1E9FCC291D13D20090F80F /* DFS_BFS */ = {
			isa = PBXGroup;
			children = (
				CE1E9FCD291D14230090F80F /* Q_19.swift */,
				CED3DFBD2920E6FC0046F4D4 /* Q_20.swift */,
				CED3DFBF292118ED0046F4D4 /* Q_22.swift */,
			);
			path = DFS_BFS;
			sourceTree = "<group>";
		};
		CE39FD9728EEF0C100ABEC63 = {
			isa = PBXGroup;
			children = (
				CE39FDA228EEF0C100ABEC63 /* SwiftCodingTestFighter */,
				CE39FDA128EEF0C100ABEC63 /* Products */,
			);
			sourceTree = "<group>";
		};
		CE39FDA128EEF0C100ABEC63 /* Products */ = {
			isa = PBXGroup;
			children = (
				CE39FDA028EEF0C100ABEC63 /* SwiftCodingTestFighter */,
			);
			name = Products;
			sourceTree = "<group>";
		};
		CE39FDA228EEF0C100ABEC63 /* SwiftCodingTestFighter */ = {
			isa = PBXGroup;
			children = (
				CE7D3F08292F06E2007E2C4E /* BinarySearch */,
				CEAD133329268E2F009522A6 /* Sorting */,
				CE1E9FCC291D13D20090F80F /* DFS_BFS */,
				CEDF975D28F70E7900EE8B25 /* Implementation */,
				CE39FDAA28EEF0CB00ABEC63 /* Greedy */,
				CE39FDA328EEF0C100ABEC63 /* main.swift */,
			);
			path = SwiftCodingTestFighter;
			sourceTree = "<group>";
		};
		CE39FDAA28EEF0CB00ABEC63 /* Greedy */ = {
			isa = PBXGroup;
			children = (
				CE39FDAB28EEF31000ABEC63 /* p_1_3.swift */,
				CE39FDAD28EEF53E00ABEC63 /* p_1_4.swift */,
				CE39FDAF28EEFA6500ABEC63 /* Q_1.swift */,
				CE39FDB128EEFF1E00ABEC63 /* Q_2.swift */,
				CE7E189328EF2D5500E1D210 /* Q_3.swift */,
			);
			path = Greedy;
			sourceTree = "<group>";
		};
		CE7D3F08292F06E2007E2C4E /* BinarySearch */ = {
			isa = PBXGroup;
			children = (
				CE7D3F09292F06EE007E2C4E /* Q_28.swift */,
				CE7D3F0B292F0A3D007E2C4E /* Q_29.swift */,
			);
			path = BinarySearch;
			sourceTree = "<group>";
		};
		CEAD133329268E2F009522A6 /* Sorting */ = {
			isa = PBXGroup;
			children = (
				CEAD133429268E43009522A6 /* Q_23.swift */,
				CEBF989E2928F2D2001DE16E /* Q_24.swift */,
				CEBF98A02928F9A2001DE16E /* Q_25.swift */,
				CEBF98A22928FEA2001DE16E /* Q_26.swift */,
			);
			path = Sorting;
			sourceTree = "<group>";
		};
		CEDF975D28F70E7900EE8B25 /* Implementation */ = {
			isa = PBXGroup;
			children = (
				CEDF975E28F70EBB00EE8B25 /* Q_7.swift */,
				CEDF976028F7105100EE8B25 /* Q_8.swift */,
				CEDAB84E28FBDE4E00D405E4 /* Q_9.swift */,
				CEDAB85028FBF31D00D405E4 /* Q_10.swift */,
			);
			path = Implementation;
			sourceTree = "<group>";
		};
/* End PBXGroup section */

/* Begin PBXNativeTarget section */
		CE39FD9F28EEF0C100ABEC63 /* SwiftCodingTestFighter */ = {
			isa = PBXNativeTarget;
			buildConfigurationList = CE39FDA728EEF0C100ABEC63 /* Build configuration list for PBXNativeTarget "SwiftCodingTestFighter" */;
			buildPhases = (
				CE39FD9C28EEF0C100ABEC63 /* Sources */,
				CE39FD9D28EEF0C100ABEC63 /* Frameworks */,
				CE39FD9E28EEF0C100ABEC63 /* CopyFiles */,
			);
			buildRules = (
			);
			dependencies = (
			);
			name = SwiftCodingTestFighter;
			productName = SwiftCodingTestFighter;
			productReference = CE39FDA028EEF0C100ABEC63 /* SwiftCodingTestFighter */;
			productType = "com.apple.product-type.tool";
		};
/* End PBXNativeTarget section */

/* Begin PBXProject section */
		CE39FD9828EEF0C100ABEC63 /* Project object */ = {
			isa = PBXProject;
			attributes = {
				BuildIndependentTargetsInParallel = 1;
				LastSwiftUpdateCheck = 1400;
				LastUpgradeCheck = 1400;
				TargetAttributes = {
					CE39FD9F28EEF0C100ABEC63 = {
						CreatedOnToolsVersion = 14.0;
					};
				};
			};
			buildConfigurationList = CE39FD9B28EEF0C100ABEC63 /* Build configuration list for PBXProject "SwiftCodingTestFighter" */;
			compatibilityVersion = "Xcode 14.0";
			developmentRegion = en;
			hasScannedForEncodings = 0;
			knownRegions = (
				en,
				Base,
			);
			mainGroup = CE39FD9728EEF0C100ABEC63;
			productRefGroup = CE39FDA128EEF0C100ABEC63 /* Products */;
			projectDirPath = "";
			projectRoot = "";
			targets = (
				CE39FD9F28EEF0C100ABEC63 /* SwiftCodingTestFighter */,
			);
		};
/* End PBXProject section */

/* Begin PBXSourcesBuildPhase section */
		CE39FD9C28EEF0C100ABEC63 /* Sources */ = {
			isa = PBXSourcesBuildPhase;
			buildActionMask = 2147483647;
			files = (
				CEBF989F2928F2D2001DE16E /* Q_24.swift in Sources */,
				CEBF98A32928FEA2001DE16E /* Q_26.swift in Sources */,
				CEDAB85128FBF31D00D405E4 /* Q_10.swift in Sources */,
				CE39FDB028EEFA6500ABEC63 /* Q_1.swift in Sources */,
				CEAD133529268E43009522A6 /* Q_23.swift in Sources */,
				CEDAB84F28FBDE4E00D405E4 /* Q_9.swift in Sources */,
				CED3DFBE2920E6FC0046F4D4 /* Q_20.swift in Sources */,
				CE39FDAC28EEF31000ABEC63 /* p_1_3.swift in Sources */,
				CED3DFC0292118ED0046F4D4 /* Q_22.swift in Sources */,
				CE7D3F0C292F0A3D007E2C4E /* Q_29.swift in Sources */,
				CE39FDB228EEFF1E00ABEC63 /* Q_2.swift in Sources */,
				CE39FDA428EEF0C100ABEC63 /* main.swift in Sources */,
				CEDF976128F7105100EE8B25 /* Q_8.swift in Sources */,
				CEDF975F28F70EBB00EE8B25 /* Q_7.swift in Sources */,
				CEBF98A12928F9A2001DE16E /* Q_25.swift in Sources */,
				CE7E189428EF2D5500E1D210 /* Q_3.swift in Sources */,
				CE1E9FCE291D14230090F80F /* Q_19.swift in Sources */,
				CE39FDAE28EEF53E00ABEC63 /* p_1_4.swift in Sources */,
				CE7D3F0A292F06EE007E2C4E /* Q_28.swift in Sources */,
			);
			runOnlyForDeploymentPostprocessing = 0;
		};
/* End PBXSourcesBuildPhase section */

/* Begin XCBuildConfiguration section */
		CE39FDA528EEF0C100ABEC63 /* Debug */ = {
			isa = XCBuildConfiguration;
			buildSettings = {
				ALWAYS_SEARCH_USER_PATHS = NO;
				CLANG_ANALYZER_NONNULL = YES;
				CLANG_ANALYZER_NUMBER_OBJECT_CONVERSION = YES_AGGRESSIVE;
				CLANG_CXX_LANGUAGE_STANDARD = "gnu++20";
				CLANG_ENABLE_MODULES = YES;
				CLANG_ENABLE_OBJC_ARC = YES;
				CLANG_ENABLE_OBJC_WEAK = YES;
				CLANG_WARN_BLOCK_CAPTURE_AUTORELEASING = YES;
				CLANG_WARN_BOOL_CONVERSION = YES;
				CLANG_WARN_COMMA = YES;
				CLANG_WARN_CONSTANT_CONVERSION = YES;
				CLANG_WARN_DEPRECATED_OBJC_IMPLEMENTATIONS = YES;
				CLANG_WARN_DIRECT_OBJC_ISA_USAGE = YES_ERROR;
				CLANG_WARN_DOCUMENTATION_COMMENTS = YES;
				CLANG_WARN_EMPTY_BODY = YES;
				CLANG_WARN_ENUM_CONVERSION = YES;
				CLANG_WARN_INFINITE_RECURSION = YES;
				CLANG_WARN_INT_CONVERSION = YES;
				CLANG_WARN_NON_LITERAL_NULL_CONVERSION = YES;
				CLANG_WARN_OBJC_IMPLICIT_RETAIN_SELF = YES;
				CLANG_WARN_OBJC_LITERAL_CONVERSION = YES;
				CLANG_WARN_OBJC_ROOT_CLASS = YES_ERROR;
				CLANG_WARN_QUOTED_INCLUDE_IN_FRAMEWORK_HEADER = YES;
				CLANG_WARN_RANGE_LOOP_ANALYSIS = YES;
				CLANG_WARN_STRICT_PROTOTYPES = YES;
				CLANG_WARN_SUSPICIOUS_MOVE = YES;
				CLANG_WARN_UNGUARDED_AVAILABILITY = YES_AGGRESSIVE;
				CLANG_WARN_UNREACHABLE_CODE = YES;
				CLANG_WARN__DUPLICATE_METHOD_MATCH = YES;
				COPY_PHASE_STRIP = NO;
				DEBUG_INFORMATION_FORMAT = dwarf;
				ENABLE_STRICT_OBJC_MSGSEND = YES;
				ENABLE_TESTABILITY = YES;
				GCC_C_LANGUAGE_STANDARD = gnu11;
				GCC_DYNAMIC_NO_PIC = NO;
				GCC_NO_COMMON_BLOCKS = YES;
				GCC_OPTIMIZATION_LEVEL = 0;
				GCC_PREPROCESSOR_DEFINITIONS = (
					"DEBUG=1",
					"$(inherited)",
				);
				GCC_WARN_64_TO_32_BIT_CONVERSION = YES;
				GCC_WARN_ABOUT_RETURN_TYPE = YES_ERROR;
				GCC_WARN_UNDECLARED_SELECTOR = YES;
				GCC_WARN_UNINITIALIZED_AUTOS = YES_AGGRESSIVE;
				GCC_WARN_UNUSED_FUNCTION = YES;
				GCC_WARN_UNUSED_VARIABLE = YES;
				MACOSX_DEPLOYMENT_TARGET = 12.3;
				MTL_ENABLE_DEBUG_INFO = INCLUDE_SOURCE;
				MTL_FAST_MATH = YES;
				ONLY_ACTIVE_ARCH = YES;
				SDKROOT = macosx;
				SWIFT_ACTIVE_COMPILATION_CONDITIONS = DEBUG;
				SWIFT_OPTIMIZATION_LEVEL = "-Onone";
			};
			name = Debug;
		};
		CE39FDA628EEF0C100ABEC63 /* Release */ = {
			isa = XCBuildConfiguration;
			buildSettings = {
				ALWAYS_SEARCH_USER_PATHS = NO;
				CLANG_ANALYZER_NONNULL = YES;
				CLANG_ANALYZER_NUMBER_OBJECT_CONVERSION = YES_AGGRESSIVE;
				CLANG_CXX_LANGUAGE_STANDARD = "gnu++20";
				CLANG_ENABLE_MODULES = YES;
				CLANG_ENABLE_OBJC_ARC = YES;
				CLANG_ENABLE_OBJC_WEAK = YES;
				CLANG_WARN_BLOCK_CAPTURE_AUTORELEASING = YES;
				CLANG_WARN_BOOL_CONVERSION = YES;
				CLANG_WARN_COMMA = YES;
				CLANG_WARN_CONSTANT_CONVERSION = YES;
				CLANG_WARN_DEPRECATED_OBJC_IMPLEMENTATIONS = YES;
				CLANG_WARN_DIRECT_OBJC_ISA_USAGE = YES_ERROR;
				CLANG_WARN_DOCUMENTATION_COMMENTS = YES;
				CLANG_WARN_EMPTY_BODY = YES;
				CLANG_WARN_ENUM_CONVERSION = YES;
				CLANG_WARN_INFINITE_RECURSION = YES;
				CLANG_WARN_INT_CONVERSION = YES;
				CLANG_WARN_NON_LITERAL_NULL_CONVERSION = YES;
				CLANG_WARN_OBJC_IMPLICIT_RETAIN_SELF = YES;
				CLANG_WARN_OBJC_LITERAL_CONVERSION = YES;
				CLANG_WARN_OBJC_ROOT_CLASS = YES_ERROR;
				CLANG_WARN_QUOTED_INCLUDE_IN_FRAMEWORK_HEADER = YES;
				CLANG_WARN_RANGE_LOOP_ANALYSIS = YES;
				CLANG_WARN_STRICT_PROTOTYPES = YES;
				CLANG_WARN_SUSPICIOUS_MOVE = YES;
				CLANG_WARN_UNGUARDED_AVAILABILITY = YES_AGGRESSIVE;
				CLANG_WARN_UNREACHABLE_CODE = YES;
				CLANG_WARN__DUPLICATE_METHOD_MATCH = YES;
				COPY_PHASE_STRIP = NO;
				DEBUG_INFORMATION_FORMAT = "dwarf-with-dsym";
				ENABLE_NS_ASSERTIONS = NO;
				ENABLE_STRICT_OBJC_MSGSEND = YES;
				GCC_C_LANGUAGE_STANDARD = gnu11;
				GCC_NO_COMMON_BLOCKS = YES;
				GCC_WARN_64_TO_32_BIT_CONVERSION = YES;
				GCC_WARN_ABOUT_RETURN_TYPE = YES_ERROR;
				GCC_WARN_UNDECLARED_SELECTOR = YES;
				GCC_WARN_UNINITIALIZED_AUTOS = YES_AGGRESSIVE;
				GCC_WARN_UNUSED_FUNCTION = YES;
				GCC_WARN_UNUSED_VARIABLE = YES;
				MACOSX_DEPLOYMENT_TARGET = 12.3;
				MTL_ENABLE_DEBUG_INFO = NO;
				MTL_FAST_MATH = YES;
				SDKROOT = macosx;
				SWIFT_COMPILATION_MODE = wholemodule;
				SWIFT_OPTIMIZATION_LEVEL = "-O";
			};
			name = Release;
		};
		CE39FDA828EEF0C100ABEC63 /* Debug */ = {
			isa = XCBuildConfiguration;
			buildSettings = {
				CODE_SIGN_STYLE = Automatic;
				PRODUCT_NAME = "$(TARGET_NAME)";
				SWIFT_VERSION = 5.0;
			};
			name = Debug;
		};
		CE39FDA928EEF0C100ABEC63 /* Release */ = {
			isa = XCBuildConfiguration;
			buildSettings = {
				CODE_SIGN_STYLE = Automatic;
				PRODUCT_NAME = "$(TARGET_NAME)";
				SWIFT_VERSION = 5.0;
			};
			name = Release;
		};
/* End XCBuildConfiguration section */

/* Begin XCConfigurationList section */
		CE39FD9B28EEF0C100ABEC63 /* Build configuration list for PBXProject "SwiftCodingTestFighter" */ = {
			isa = XCConfigurationList;
			buildConfigurations = (
				CE39FDA528EEF0C100ABEC63 /* Debug */,
				CE39FDA628EEF0C100ABEC63 /* Release */,
			);
			defaultConfigurationIsVisible = 0;
			defaultConfigurationName = Release;
		};
		CE39FDA728EEF0C100ABEC63 /* Build configuration list for PBXNativeTarget "SwiftCodingTestFighter" */ = {
			isa = XCConfigurationList;
			buildConfigurations = (
				CE39FDA828EEF0C100ABEC63 /* Debug */,
				CE39FDA928EEF0C100ABEC63 /* Release */,
			);
			defaultConfigurationIsVisible = 0;
			defaultConfigurationName = Release;
		};
/* End XCConfigurationList section */
	};
	rootObject = CE39FD9828EEF0C100ABEC63 /* Project object */;
}
