{
  "pins" : [
    {
      "identity" : "swiftdatastructure",
      "kind" : "remoteSourceControl",
      "location" : "https://github.com/lsj8706/SwiftDataStructure.git",
      "state" : {
        "revision" : "8e442b2f4c4621e740293f0bfb564bab58ece007",
        "version" : "0.8.0"
      }
    }
  ],
  "version" : 2
}
