{
  "pins" : [
    {
      "identity" : "swiftdatastructure",
      "kind" : "remoteSourceControl",
      "location" : "https://github.com/lsj8706/SwiftDataStructure.git",
      "state" : {
        "revision" : "ab359937e695b69b9c06175a156bed4d8652eaf1",
        "version" : "0.7.0"
      }
    }
  ],
  "version" : 2
}
