// !$*UTF8*$!
{
	archiveVersion = 1;
	classes = {
	};
	objectVersion = 55;
	objects = {

/* Begin PBXBuildFile section */
		CE0FE4E6289B93680061EB35 /* pg_8577.swift in Sources */ = {isa = PBXBuildFile; fileRef = CE0FE4E5289B93680061EB35 /* pg_8577.swift */; };
		CE193C6C289579B300A95690 /* pg_12943.swift in Sources */ = {isa = PBXBuildFile; fileRef = CE193C6B289579B300A95690 /* pg_12943.swift */; };
		CE193C6E28957B4A00A95690 /* pg_12940.swift in Sources */ = {isa = PBXBuildFile; fileRef = CE193C6D28957B4A00A95690 /* pg_12940.swift */; };
		CE193C702898FE5400A95690 /* pg_12937.swift in Sources */ = {isa = PBXBuildFile; fileRef = CE193C6F2898FE5400A95690 /* pg_12937.swift */; };
		CE193C722898FFAC00A95690 /* pg_12935.swift in Sources */ = {isa = PBXBuildFile; fileRef = CE193C712898FFAC00A95690 /* pg_12935.swift */; };
		CE193C742899023700A95690 /* pg_12934.swift in Sources */ = {isa = PBXBuildFile; fileRef = CE193C732899023700A95690 /* pg_12934.swift */; };
		CE193C762899049900A95690 /* pg_12933.swift in Sources */ = {isa = PBXBuildFile; fileRef = CE193C752899049900A95690 /* pg_12933.swift */; };
		CE193C78289A5B3400A95690 /* pg_12932.swift in Sources */ = {isa = PBXBuildFile; fileRef = CE193C77289A5B3400A95690 /* pg_12932.swift */; };
		CE193C7A289A5D7B00A95690 /* pg_12931.swift in Sources */ = {isa = PBXBuildFile; fileRef = CE193C79289A5D7B00A95690 /* pg_12931.swift */; };
		CE193C7C289A5F4600A95690 /* pg_12930.swift in Sources */ = {isa = PBXBuildFile; fileRef = CE193C7B289A5F4600A95690 /* pg_12930.swift */; };
		CE4CB7732893BA550079D445 /* main.swift in Sources */ = {isa = PBXBuildFile; fileRef = CE4CB7722893BA550079D445 /* main.swift */; };
		CE4CB77A2893BC010079D445 /* pg_12969.swift in Sources */ = {isa = PBXBuildFile; fileRef = CE4CB7792893BC010079D445 /* pg_12969.swift */; };
		CEE272E32893BE9700172723 /* pg_12954.swift in Sources */ = {isa = PBXBuildFile; fileRef = CEE272E22893BE9700172723 /* pg_12954.swift */; };
		CEE272E72893C19C00172723 /* pg_12950.swift in Sources */ = {isa = PBXBuildFile; fileRef = CEE272E62893C19C00172723 /* pg_12950.swift */; };
		CEE272E92893C41600172723 /* pg_12948.swift in Sources */ = {isa = PBXBuildFile; fileRef = CEE272E82893C41600172723 /* pg_12948.swift */; };
		CEE272EB2893CCD000172723 /* pg_12947.swift in Sources */ = {isa = PBXBuildFile; fileRef = CEE272EA2893CCD000172723 /* pg_12947.swift */; };
		CEE272ED2893D58B00172723 /* pg_12944.swift in Sources */ = {isa = PBXBuildFile; fileRef = CEE272EC2893D58B00172723 /* pg_12944.swift */; };
/* End PBXBuildFile section */

/* Begin PBXCopyFilesBuildPhase section */
		CE4CB76D2893BA550079D445 /* CopyFiles */ = {
			isa = PBXCopyFilesBuildPhase;
			buildActionMask = 2147483647;
			dstPath = /usr/share/man/man1/;
			dstSubfolderSpec = 0;
			files = (
			);
			runOnlyForDeploymentPostprocessing = 1;
		};
/* End PBXCopyFilesBuildPhase section */

/* Begin PBXFileReference section */
		CE0FE4E5289B93680061EB35 /* pg_8577.swift */ = {isa = PBXFileReference; lastKnownFileType = sourcecode.swift; path = pg_8577.swift; sourceTree = "<group>"; };
		CE193C6B289579B300A95690 /* pg_12943.swift */ = {isa = PBXFileReference; lastKnownFileType = sourcecode.swift; path = pg_12943.swift; sourceTree = "<group>"; };
		CE193C6D28957B4A00A95690 /* pg_12940.swift */ = {isa = PBXFileReference; lastKnownFileType = sourcecode.swift; path = pg_12940.swift; sourceTree = "<group>"; };
		CE193C6F2898FE5400A95690 /* pg_12937.swift */ = {isa = PBXFileReference; lastKnownFileType = sourcecode.swift; path = pg_12937.swift; sourceTree = "<group>"; };
		CE193C712898FFAC00A95690 /* pg_12935.swift */ = {isa = PBXFileReference; lastKnownFileType = sourcecode.swift; path = pg_12935.swift; sourceTree = "<group>"; };
		CE193C732899023700A95690 /* pg_12934.swift */ = {isa = PBXFileReference; lastKnownFileType = sourcecode.swift; path = pg_12934.swift; sourceTree = "<group>"; };
		CE193C752899049900A95690 /* pg_12933.swift */ = {isa = PBXFileReference; lastKnownFileType = sourcecode.swift; path = pg_12933.swift; sourceTree = "<group>"; };
		CE193C77289A5B3400A95690 /* pg_12932.swift */ = {isa = PBXFileReference; lastKnownFileType = sourcecode.swift; path = pg_12932.swift; sourceTree = "<group>"; };
		CE193C79289A5D7B00A95690 /* pg_12931.swift */ = {isa = PBXFileReference; lastKnownFileType = sourcecode.swift; path = pg_12931.swift; sourceTree = "<group>"; };
		CE193C7B289A5F4600A95690 /* pg_12930.swift */ = {isa = PBXFileReference; lastKnownFileType = sourcecode.swift; path = pg_12930.swift; sourceTree = "<group>"; };
		CE4CB76F2893BA550079D445 /* programmers-exercise */ = {isa = PBXFileReference; explicitFileType = "compiled.mach-o.executable"; includeInIndex = 0; path = "programmers-exercise"; sourceTree = BUILT_PRODUCTS_DIR; };
		CE4CB7722893BA550079D445 /* main.swift */ = {isa = PBXFileReference; lastKnownFileType = sourcecode.swift; path = main.swift; sourceTree = "<group>"; };
		CE4CB7792893BC010079D445 /* pg_12969.swift */ = {isa = PBXFileReference; lastKnownFileType = sourcecode.swift; path = pg_12969.swift; sourceTree = "<group>"; };
		CEE272E22893BE9700172723 /* pg_12954.swift */ = {isa = PBXFileReference; lastKnownFileType = sourcecode.swift; path = pg_12954.swift; sourceTree = "<group>"; };
		CEE272E62893C19C00172723 /* pg_12950.swift */ = {isa = PBXFileReference; lastKnownFileType = sourcecode.swift; path = pg_12950.swift; sourceTree = "<group>"; };
		CEE272E82893C41600172723 /* pg_12948.swift */ = {isa = PBXFileReference; lastKnownFileType = sourcecode.swift; path = pg_12948.swift; sourceTree = "<group>"; };
		CEE272EA2893CCD000172723 /* pg_12947.swift */ = {isa = PBXFileReference; lastKnownFileType = sourcecode.swift; path = pg_12947.swift; sourceTree = "<group>"; };
		CEE272EC2893D58B00172723 /* pg_12944.swift */ = {isa = PBXFileReference; lastKnownFileType = sourcecode.swift; path = pg_12944.swift; sourceTree = "<group>"; };
/* End PBXFileReference section */

/* Begin PBXFrameworksBuildPhase section */
		CE4CB76C2893BA550079D445 /* Frameworks */ = {
			isa = PBXFrameworksBuildPhase;
			buildActionMask = 2147483647;
			files = (
			);
			runOnlyForDeploymentPostprocessing = 0;
		};
/* End PBXFrameworksBuildPhase section */

/* Begin PBXGroup section */
		CE4CB7662893BA550079D445 = {
			isa = PBXGroup;
			children = (
				CE4CB7712893BA550079D445 /* programmers-exercise */,
				CE4CB7702893BA550079D445 /* Products */,
			);
			sourceTree = "<group>";
		};
		CE4CB7702893BA550079D445 /* Products */ = {
			isa = PBXGroup;
			children = (
				CE4CB76F2893BA550079D445 /* programmers-exercise */,
			);
			name = Products;
			sourceTree = "<group>";
		};
		CE4CB7712893BA550079D445 /* programmers-exercise */ = {
			isa = PBXGroup;
			children = (
				CE4CB7722893BA550079D445 /* main.swift */,
				CE4CB7792893BC010079D445 /* pg_12969.swift */,
				CEE272E22893BE9700172723 /* pg_12954.swift */,
				CEE272E62893C19C00172723 /* pg_12950.swift */,
				CEE272E82893C41600172723 /* pg_12948.swift */,
				CEE272EA2893CCD000172723 /* pg_12947.swift */,
				CEE272EC2893D58B00172723 /* pg_12944.swift */,
				CE193C6B289579B300A95690 /* pg_12943.swift */,
				CE193C6D28957B4A00A95690 /* pg_12940.swift */,
				CE193C6F2898FE5400A95690 /* pg_12937.swift */,
				CE193C712898FFAC00A95690 /* pg_12935.swift */,
				CE193C732899023700A95690 /* pg_12934.swift */,
				CE193C752899049900A95690 /* pg_12933.swift */,
				CE193C77289A5B3400A95690 /* pg_12932.swift */,
				CE193C79289A5D7B00A95690 /* pg_12931.swift */,
				CE193C7B289A5F4600A95690 /* pg_12930.swift */,
				CE0FE4E5289B93680061EB35 /* pg_8577.swift */,
			);
			path = "programmers-exercise";
			sourceTree = "<group>";
		};
/* End PBXGroup section */

/* Begin PBXNativeTarget section */
		CE4CB76E2893BA550079D445 /* programmers-exercise */ = {
			isa = PBXNativeTarget;
			buildConfigurationList = CE4CB7762893BA550079D445 /* Build configuration list for PBXNativeTarget "programmers-exercise" */;
			buildPhases = (
				CE4CB76B2893BA550079D445 /* Sources */,
				CE4CB76C2893BA550079D445 /* Frameworks */,
				CE4CB76D2893BA550079D445 /* CopyFiles */,
			);
			buildRules = (
			);
			dependencies = (
			);
			name = "programmers-exercise";
			productName = "programmers-exercise";
			productReference = CE4CB76F2893BA550079D445 /* programmers-exercise */;
			productType = "com.apple.product-type.tool";
		};
/* End PBXNativeTarget section */

/* Begin PBXProject section */
		CE4CB7672893BA550079D445 /* Project object */ = {
			isa = PBXProject;
			attributes = {
				BuildIndependentTargetsInParallel = 1;
				LastSwiftUpdateCheck = 1340;
				LastUpgradeCheck = 1340;
				TargetAttributes = {
					CE4CB76E2893BA550079D445 = {
						CreatedOnToolsVersion = 13.4.1;
					};
				};
			};
			buildConfigurationList = CE4CB76A2893BA550079D445 /* Build configuration list for PBXProject "programmers-exercise" */;
			compatibilityVersion = "Xcode 13.0";
			developmentRegion = en;
			hasScannedForEncodings = 0;
			knownRegions = (
				en,
				Base,
			);
			mainGroup = CE4CB7662893BA550079D445;
			productRefGroup = CE4CB7702893BA550079D445 /* Products */;
			projectDirPath = "";
			projectRoot = "";
			targets = (
				CE4CB76E2893BA550079D445 /* programmers-exercise */,
			);
		};
/* End PBXProject section */

/* Begin PBXSourcesBuildPhase section */
		CE4CB76B2893BA550079D445 /* Sources */ = {
			isa = PBXSourcesBuildPhase;
			buildActionMask = 2147483647;
			files = (
				CE193C6E28957B4A00A95690 /* pg_12940.swift in Sources */,
				CEE272EB2893CCD000172723 /* pg_12947.swift in Sources */,
				CEE272ED2893D58B00172723 /* pg_12944.swift in Sources */,
				CE193C762899049900A95690 /* pg_12933.swift in Sources */,
				CE193C6C289579B300A95690 /* pg_12943.swift in Sources */,
				CEE272E72893C19C00172723 /* pg_12950.swift in Sources */,
				CE193C722898FFAC00A95690 /* pg_12935.swift in Sources */,
				CE193C7A289A5D7B00A95690 /* pg_12931.swift in Sources */,
				CE0FE4E6289B93680061EB35 /* pg_8577.swift in Sources */,
				CEE272E92893C41600172723 /* pg_12948.swift in Sources */,
				CE4CB77A2893BC010079D445 /* pg_12969.swift in Sources */,
				CE193C702898FE5400A95690 /* pg_12937.swift in Sources */,
				CE193C78289A5B3400A95690 /* pg_12932.swift in Sources */,
				CE4CB7732893BA550079D445 /* main.swift in Sources */,
				CE193C742899023700A95690 /* pg_12934.swift in Sources */,
				CE193C7C289A5F4600A95690 /* pg_12930.swift in Sources */,
				CEE272E32893BE9700172723 /* pg_12954.swift in Sources */,
			);
			runOnlyForDeploymentPostprocessing = 0;
		};
/* End PBXSourcesBuildPhase section */

/* Begin XCBuildConfiguration section */
		CE4CB7742893BA550079D445 /* Debug */ = {
			isa = XCBuildConfiguration;
			buildSettings = {
				ALWAYS_SEARCH_USER_PATHS = NO;
				CLANG_ANALYZER_NONNULL = YES;
				CLANG_ANALYZER_NUMBER_OBJECT_CONVERSION = YES_AGGRESSIVE;
				CLANG_CXX_LANGUAGE_STANDARD = "gnu++17";
				CLANG_ENABLE_MODULES = YES;
				CLANG_ENABLE_OBJC_ARC = YES;
				CLANG_ENABLE_OBJC_WEAK = YES;
				CLANG_WARN_BLOCK_CAPTURE_AUTORELEASING = YES;
				CLANG_WARN_BOOL_CONVERSION = YES;
				CLANG_WARN_COMMA = YES;
				CLANG_WARN_CONSTANT_CONVERSION = YES;
				CLANG_WARN_DEPRECATED_OBJC_IMPLEMENTATIONS = YES;
				CLANG_WARN_DIRECT_OBJC_ISA_USAGE = YES_ERROR;
				CLANG_WARN_DOCUMENTATION_COMMENTS = YES;
				CLANG_WARN_EMPTY_BODY = YES;
				CLANG_WARN_ENUM_CONVERSION = YES;
				CLANG_WARN_INFINITE_RECURSION = YES;
				CLANG_WARN_INT_CONVERSION = YES;
				CLANG_WARN_NON_LITERAL_NULL_CONVERSION = YES;
				CLANG_WARN_OBJC_IMPLICIT_RETAIN_SELF = YES;
				CLANG_WARN_OBJC_LITERAL_CONVERSION = YES;
				CLANG_WARN_OBJC_ROOT_CLASS = YES_ERROR;
				CLANG_WARN_QUOTED_INCLUDE_IN_FRAMEWORK_HEADER = YES;
				CLANG_WARN_RANGE_LOOP_ANALYSIS = YES;
				CLANG_WARN_STRICT_PROTOTYPES = YES;
				CLANG_WARN_SUSPICIOUS_MOVE = YES;
				CLANG_WARN_UNGUARDED_AVAILABILITY = YES_AGGRESSIVE;
				CLANG_WARN_UNREACHABLE_CODE = YES;
				CLANG_WARN__DUPLICATE_METHOD_MATCH = YES;
				COPY_PHASE_STRIP = NO;
				DEBUG_INFORMATION_FORMAT = dwarf;
				ENABLE_STRICT_OBJC_MSGSEND = YES;
				ENABLE_TESTABILITY = YES;
				GCC_C_LANGUAGE_STANDARD = gnu11;
				GCC_DYNAMIC_NO_PIC = NO;
				GCC_NO_COMMON_BLOCKS = YES;
				GCC_OPTIMIZATION_LEVEL = 0;
				GCC_PREPROCESSOR_DEFINITIONS = (
					"DEBUG=1",
					"$(inherited)",
				);
				GCC_WARN_64_TO_32_BIT_CONVERSION = YES;
				GCC_WARN_ABOUT_RETURN_TYPE = YES_ERROR;
				GCC_WARN_UNDECLARED_SELECTOR = YES;
				GCC_WARN_UNINITIALIZED_AUTOS = YES_AGGRESSIVE;
				GCC_WARN_UNUSED_FUNCTION = YES;
				GCC_WARN_UNUSED_VARIABLE = YES;
				MACOSX_DEPLOYMENT_TARGET = 12.3;
				MTL_ENABLE_DEBUG_INFO = INCLUDE_SOURCE;
				MTL_FAST_MATH = YES;
				ONLY_ACTIVE_ARCH = YES;
				SDKROOT = macosx;
				SWIFT_ACTIVE_COMPILATION_CONDITIONS = DEBUG;
				SWIFT_OPTIMIZATION_LEVEL = "-Onone";
			};
			name = Debug;
		};
		CE4CB7752893BA550079D445 /* Release */ = {
			isa = XCBuildConfiguration;
			buildSettings = {
				ALWAYS_SEARCH_USER_PATHS = NO;
				CLANG_ANALYZER_NONNULL = YES;
				CLANG_ANALYZER_NUMBER_OBJECT_CONVERSION = YES_AGGRESSIVE;
				CLANG_CXX_LANGUAGE_STANDARD = "gnu++17";
				CLANG_ENABLE_MODULES = YES;
				CLANG_ENABLE_OBJC_ARC = YES;
				CLANG_ENABLE_OBJC_WEAK = YES;
				CLANG_WARN_BLOCK_CAPTURE_AUTORELEASING = YES;
				CLANG_WARN_BOOL_CONVERSION = YES;
				CLANG_WARN_COMMA = YES;
				CLANG_WARN_CONSTANT_CONVERSION = YES;
				CLANG_WARN_DEPRECATED_OBJC_IMPLEMENTATIONS = YES;
				CLANG_WARN_DIRECT_OBJC_ISA_USAGE = YES_ERROR;
				CLANG_WARN_DOCUMENTATION_COMMENTS = YES;
				CLANG_WARN_EMPTY_BODY = YES;
				CLANG_WARN_ENUM_CONVERSION = YES;
				CLANG_WARN_INFINITE_RECURSION = YES;
				CLANG_WARN_INT_CONVERSION = YES;
				CLANG_WARN_NON_LITERAL_NULL_CONVERSION = YES;
				CLANG_WARN_OBJC_IMPLICIT_RETAIN_SELF = YES;
				CLANG_WARN_OBJC_LITERAL_CONVERSION = YES;
				CLANG_WARN_OBJC_ROOT_CLASS = YES_ERROR;
				CLANG_WARN_QUOTED_INCLUDE_IN_FRAMEWORK_HEADER = YES;
				CLANG_WARN_RANGE_LOOP_ANALYSIS = YES;
				CLANG_WARN_STRICT_PROTOTYPES = YES;
				CLANG_WARN_SUSPICIOUS_MOVE = YES;
				CLANG_WARN_UNGUARDED_AVAILABILITY = YES_AGGRESSIVE;
				CLANG_WARN_UNREACHABLE_CODE = YES;
				CLANG_WARN__DUPLICATE_METHOD_MATCH = YES;
				COPY_PHASE_STRIP = NO;
				DEBUG_INFORMATION_FORMAT = "dwarf-with-dsym";
				ENABLE_NS_ASSERTIONS = NO;
				ENABLE_STRICT_OBJC_MSGSEND = YES;
				GCC_C_LANGUAGE_STANDARD = gnu11;
				GCC_NO_COMMON_BLOCKS = YES;
				GCC_WARN_64_TO_32_BIT_CONVERSION = YES;
				GCC_WARN_ABOUT_RETURN_TYPE = YES_ERROR;
				GCC_WARN_UNDECLARED_SELECTOR = YES;
				GCC_WARN_UNINITIALIZED_AUTOS = YES_AGGRESSIVE;
				GCC_WARN_UNUSED_FUNCTION = YES;
				GCC_WARN_UNUSED_VARIABLE = YES;
				MACOSX_DEPLOYMENT_TARGET = 12.3;
				MTL_ENABLE_DEBUG_INFO = NO;
				MTL_FAST_MATH = YES;
				SDKROOT = macosx;
				SWIFT_COMPILATION_MODE = wholemodule;
				SWIFT_OPTIMIZATION_LEVEL = "-O";
			};
			name = Release;
		};
		CE4CB7772893BA550079D445 /* Debug */ = {
			isa = XCBuildConfiguration;
			buildSettings = {
				CODE_SIGN_STYLE = Automatic;
				PRODUCT_NAME = "$(TARGET_NAME)";
				SWIFT_VERSION = 5.0;
			};
			name = Debug;
		};
		CE4CB7782893BA550079D445 /* Release */ = {
			isa = XCBuildConfiguration;
			buildSettings = {
				CODE_SIGN_STYLE = Automatic;
				PRODUCT_NAME = "$(TARGET_NAME)";
				SWIFT_VERSION = 5.0;
			};
			name = Release;
		};
/* End XCBuildConfiguration section */

/* Begin XCConfigurationList section */
		CE4CB76A2893BA550079D445 /* Build configuration list for PBXProject "programmers-exercise" */ = {
			isa = XCConfigurationList;
			buildConfigurations = (
				CE4CB7742893BA550079D445 /* Debug */,
				CE4CB7752893BA550079D445 /* Release */,
			);
			defaultConfigurationIsVisible = 0;
			defaultConfigurationName = Release;
		};
		CE4CB7762893BA550079D445 /* Build configuration list for PBXNativeTarget "programmers-exercise" */ = {
			isa = XCConfigurationList;
			buildConfigurations = (
				CE4CB7772893BA550079D445 /* Debug */,
				CE4CB7782893BA550079D445 /* Release */,
			);
			defaultConfigurationIsVisible = 0;
			defaultConfigurationName = Release;
		};
/* End XCConfigurationList section */
	};
	rootObject = CE4CB7672893BA550079D445 /* Project object */;
}
